PODS:
  - Hero (1.5.0)
  - R.swift (5.0.3):
    - R.swift.Library (~> 5.0.0)
  - R.swift.Library (5.0.1)
  - SwiftLint (0.34.0)

DEPENDENCIES:
  - Hero
  - R.swift (~> 5.0.3)
  - R.swift.Library (~> 5.0.0)
  - SwiftLint (= 0.34.0)

SPEC REPOS:
  https://github.com/CocoaPods/Specs.git:
    - Hero
    - R.swift
    - SwiftLint
  trunk:
    - R.swift.Library

SPEC CHECKSUMS:
  Hero: b7385b75e7259da62f4f85462f59a5082d66b058
  R.swift: f5a87643b91ea569d23d6afb3eee9c743edde239
  R.swift.Library: cfe85d569d9bae6cb262922db130e7c3a7a5fad1
  SwiftLint: 79d48a17c6565dc286c37efb8322c7b450f95c67

PODFILE CHECKSUM: 68b5576fcb68e1c2d3ef450ae3bcf6cd61920c29

COCOAPODS: 1.9.1
