// !$*UTF8*$!
{
	archiveVersion = 1;
	classes = {
	};
	objectVersion = 51;
	objects = {

/* Begin PBXBuildFile section */
		0420DA04248ADAC800FC57F7 /* LanguageManager.swift in Sources */ = {isa = PBXBuildFile; fileRef = 0420DA03248ADAC800FC57F7 /* LanguageManager.swift */; };
		0420DA06248BB6BB00FC57F7 /* String+Extension.swift in Sources */ = {isa = PBXBuildFile; fileRef = 0420DA05248BB6BB00FC57F7 /* String+Extension.swift */; };
		0420DA08248BE10A00FC57F7 /* UserDefaultsStorage.swift in Sources */ = {isa = PBXBuildFile; fileRef = 0420DA07248BE10A00FC57F7 /* UserDefaultsStorage.swift */; };
		04218FFE24558752001FF96F /* CategoryViewModel.swift in Sources */ = {isa = PBXBuildFile; fileRef = 04218FFD24558752001FF96F /* CategoryViewModel.swift */; };
		0421FC422461E6CD0093E23D /* MenuConfigurationView.swift in Sources */ = {isa = PBXBuildFile; fileRef = 0421FC412461E6CD0093E23D /* MenuConfigurationView.swift */; };
		0421FC442461E6E90093E23D /* MenuConfigurationView.xib in Resources */ = {isa = PBXBuildFile; fileRef = 0421FC432461E6E90093E23D /* MenuConfigurationView.xib */; };
		04583706245C255200DC0E1B /* LoadingButtonView.swift in Sources */ = {isa = PBXBuildFile; fileRef = 04583705245C255200DC0E1B /* LoadingButtonView.swift */; };
		04583708245C257C00DC0E1B /* LoadingButtonView.xib in Resources */ = {isa = PBXBuildFile; fileRef = 04583707245C257C00DC0E1B /* LoadingButtonView.xib */; };
		0458370E245C9A3C00DC0E1B /* Int+Extension.swift in Sources */ = {isa = PBXBuildFile; fileRef = 0458370D245C9A3C00DC0E1B /* Int+Extension.swift */; };
		04583711245D641200DC0E1B /* LoadingLabel.swift in Sources */ = {isa = PBXBuildFile; fileRef = 04583710245D641200DC0E1B /* LoadingLabel.swift */; };
		0484560524632E0E00932906 /* MainMenuStorage.swift in Sources */ = {isa = PBXBuildFile; fileRef = 0484560424632E0E00932906 /* MainMenuStorage.swift */; };
		0484560724632EE400932906 /* GameModesStorage.swift in Sources */ = {isa = PBXBuildFile; fileRef = 0484560624632EE400932906 /* GameModesStorage.swift */; };
		0484560A24632F2200932906 /* SettingsStorage.swift in Sources */ = {isa = PBXBuildFile; fileRef = 0484560924632F2200932906 /* SettingsStorage.swift */; };
		0499A2A82439FE54008C6FAD /* MenuViewController.swift in Sources */ = {isa = PBXBuildFile; fileRef = 0499A2A72439FE54008C6FAD /* MenuViewController.swift */; };
		0499A2AA2439FE69008C6FAD /* MenuViewController.xib in Resources */ = {isa = PBXBuildFile; fileRef = 0499A2A92439FE68008C6FAD /* MenuViewController.xib */; };
		0499A2AD243A024B008C6FAD /* LogoView.xib in Resources */ = {isa = PBXBuildFile; fileRef = 0499A2AC243A024B008C6FAD /* LogoView.xib */; };
		0499A2AF243A0257008C6FAD /* LogoView.swift in Sources */ = {isa = PBXBuildFile; fileRef = 0499A2AE243A0257008C6FAD /* LogoView.swift */; };
		04BE89482464458000D39C9E /* ConfigurationViewModel.swift in Sources */ = {isa = PBXBuildFile; fileRef = 04BE89472464458000D39C9E /* ConfigurationViewModel.swift */; };
		04BE895A246480CF00D39C9E /* ParameterEncoding.swift in Sources */ = {isa = PBXBuildFile; fileRef = 04BE894B246480CF00D39C9E /* ParameterEncoding.swift */; };
		04BE895B246480CF00D39C9E /* URLParameterEncoder.swift in Sources */ = {isa = PBXBuildFile; fileRef = 04BE894C246480CF00D39C9E /* URLParameterEncoder.swift */; };
		04BE895C246480CF00D39C9E /* JSONParameterEncoder.swift in Sources */ = {isa = PBXBuildFile; fileRef = 04BE894D246480CF00D39C9E /* JSONParameterEncoder.swift */; };
		04BE895D246480CF00D39C9E /* NetworkResponse.swift in Sources */ = {isa = PBXBuildFile; fileRef = 04BE894F246480CF00D39C9E /* NetworkResponse.swift */; };
		04BE895E246480CF00D39C9E /* Result.swift in Sources */ = {isa = PBXBuildFile; fileRef = 04BE8950246480CF00D39C9E /* Result.swift */; };
		04BE895F246480CF00D39C9E /* NetworkManager.swift in Sources */ = {isa = PBXBuildFile; fileRef = 04BE8951246480CF00D39C9E /* NetworkManager.swift */; };
		04BE8961246480CF00D39C9E /* NetworkRouter.swift in Sources */ = {isa = PBXBuildFile; fileRef = 04BE8955246480CF00D39C9E /* NetworkRouter.swift */; };
		04BE8962246480CF00D39C9E /* HTTPTask.swift in Sources */ = {isa = PBXBuildFile; fileRef = 04BE8956246480CF00D39C9E /* HTTPTask.swift */; };
		04BE8963246480CF00D39C9E /* HTTPMethod.swift in Sources */ = {isa = PBXBuildFile; fileRef = 04BE8957246480CF00D39C9E /* HTTPMethod.swift */; };
		04BE8964246480CF00D39C9E /* Router.swift in Sources */ = {isa = PBXBuildFile; fileRef = 04BE8958246480CF00D39C9E /* Router.swift */; };
		04BE8965246480CF00D39C9E /* EndPointType.swift in Sources */ = {isa = PBXBuildFile; fileRef = 04BE8959246480CF00D39C9E /* EndPointType.swift */; };
		04BE896824648B3900D39C9E /* EndPoint.swift in Sources */ = {isa = PBXBuildFile; fileRef = 04BE896724648B3900D39C9E /* EndPoint.swift */; };
		04BE896A24648C8C00D39C9E /* Handler.swift in Sources */ = {isa = PBXBuildFile; fileRef = 04BE896924648C8C00D39C9E /* Handler.swift */; };
		04BE896C24655C2800D39C9E /* KeychainAccess.swift in Sources */ = {isa = PBXBuildFile; fileRef = 04BE896B24655C2800D39C9E /* KeychainAccess.swift */; };
		04BE896F246569C000D39C9E /* TokenGenerator.swift in Sources */ = {isa = PBXBuildFile; fileRef = 04BE896E246569C000D39C9E /* TokenGenerator.swift */; };
		04DA41632465F3BC00C9CF87 /* GameResult.swift in Sources */ = {isa = PBXBuildFile; fileRef = 04DA41622465F3BC00C9CF87 /* GameResult.swift */; };
		04DA41652466F39600C9CF87 /* Username.swift in Sources */ = {isa = PBXBuildFile; fileRef = 04DA41642466F39600C9CF87 /* Username.swift */; };
		04DA41682467035F00C9CF87 /* ChoiceProvider.swift in Sources */ = {isa = PBXBuildFile; fileRef = 04DA41672467035F00C9CF87 /* ChoiceProvider.swift */; };
		04DA416A24672FDE00C9CF87 /* Statistics.swift in Sources */ = {isa = PBXBuildFile; fileRef = 04DA416924672FDE00C9CF87 /* Statistics.swift */; };
		04DA416C246734DF00C9CF87 /* Status.swift in Sources */ = {isa = PBXBuildFile; fileRef = 04DA416B246734DF00C9CF87 /* Status.swift */; };
		04DA416F2467403E00C9CF87 /* StatisticsProvider.swift in Sources */ = {isa = PBXBuildFile; fileRef = 04DA416E2467403E00C9CF87 /* StatisticsProvider.swift */; };
		0D1F8A54230C5FF200ECE3B4 /* AppDelegate.swift in Sources */ = {isa = PBXBuildFile; fileRef = 0D1F8A53230C5FF200ECE3B4 /* AppDelegate.swift */; };
		0D1F8A56230C5FF200ECE3B4 /* LoadingViewController.swift in Sources */ = {isa = PBXBuildFile; fileRef = 0D1F8A55230C5FF200ECE3B4 /* LoadingViewController.swift */; };
		0D1F8A5B230C5FF500ECE3B4 /* Images.xcassets in Resources */ = {isa = PBXBuildFile; fileRef = 0D1F8A5A230C5FF500ECE3B4 /* Images.xcassets */; };
		0DCC8FDF2358D1670047EB90 /* LoadingViewController.xib in Resources */ = {isa = PBXBuildFile; fileRef = 0DCC8FDE2358D1670047EB90 /* LoadingViewController.xib */; };
		243556F62483860800A862F5 /* LeaderBoardResult.swift in Sources */ = {isa = PBXBuildFile; fileRef = 243556F52483860800A862F5 /* LeaderBoardResult.swift */; };
		24729FAD245B43F500A69CC3 /* StatisticsViewController.swift in Sources */ = {isa = PBXBuildFile; fileRef = 24729FAC245B43F500A69CC3 /* StatisticsViewController.swift */; };
		24729FAF245B440900A69CC3 /* StatisticsViewController.xib in Resources */ = {isa = PBXBuildFile; fileRef = 24729FAE245B440900A69CC3 /* StatisticsViewController.xib */; };
		24729FB2245B447900A69CC3 /* StatisticsCollectionCell.swift in Sources */ = {isa = PBXBuildFile; fileRef = 24729FB1245B447900A69CC3 /* StatisticsCollectionCell.swift */; };
		24729FB4245B448700A69CC3 /* StatisticsCollectionCell.xib in Resources */ = {isa = PBXBuildFile; fileRef = 24729FB3245B448700A69CC3 /* StatisticsCollectionCell.xib */; };
		24729FB7245C7B1A00A69CC3 /* StatisticsViewModel.swift in Sources */ = {isa = PBXBuildFile; fileRef = 24729FB6245C7B1A00A69CC3 /* StatisticsViewModel.swift */; };
		24A6174E244FA9CA007F92E6 /* CountdownViewController.xib in Resources */ = {isa = PBXBuildFile; fileRef = 24A6174D244FA9CA007F92E6 /* CountdownViewController.xib */; };
		24A61750244FA9F8007F92E6 /* CountdownViewController.swift in Sources */ = {isa = PBXBuildFile; fileRef = 24A6174F244FA9F8007F92E6 /* CountdownViewController.swift */; };
		24A6175B245209A1007F92E6 /* TimerRowView.swift in Sources */ = {isa = PBXBuildFile; fileRef = 24A6175A245209A1007F92E6 /* TimerRowView.swift */; };
		24A6175D245209AC007F92E6 /* TimerRowView.xib in Resources */ = {isa = PBXBuildFile; fileRef = 24A6175C245209AC007F92E6 /* TimerRowView.xib */; };
		24C632AC2466DF9800FC0DFA /* UIApplication+Extension.swift in Sources */ = {isa = PBXBuildFile; fileRef = 24C632AB2466DF9800FC0DFA /* UIApplication+Extension.swift */; };
		24C632AF24671E4A00FC0DFA /* LeaderBoardViewController.swift in Sources */ = {isa = PBXBuildFile; fileRef = 24C632AE24671E4A00FC0DFA /* LeaderBoardViewController.swift */; };
		24C632B124671E6D00FC0DFA /* LeaderBoardViewController.xib in Resources */ = {isa = PBXBuildFile; fileRef = 24C632B024671E6D00FC0DFA /* LeaderBoardViewController.xib */; };
		24C632B424671F7D00FC0DFA /* LeaderBoardCell.swift in Sources */ = {isa = PBXBuildFile; fileRef = 24C632B324671F7D00FC0DFA /* LeaderBoardCell.swift */; };
		24C632B624671F8F00FC0DFA /* LeaderBoardCell.xib in Resources */ = {isa = PBXBuildFile; fileRef = 24C632B524671F8F00FC0DFA /* LeaderBoardCell.xib */; };
		24C632B92467261F00FC0DFA /* LeaderBoardViewModel.swift in Sources */ = {isa = PBXBuildFile; fileRef = 24C632B82467261F00FC0DFA /* LeaderBoardViewModel.swift */; };
		24CFF08B2486AB560048BCD8 /* LeaderBoardProvider.swift in Sources */ = {isa = PBXBuildFile; fileRef = 24CFF08A2486AB560048BCD8 /* LeaderBoardProvider.swift */; };
		24D9FB22246828E7006A6F57 /* LeaderBoardConfigurationModel.swift in Sources */ = {isa = PBXBuildFile; fileRef = 24D9FB21246828E7006A6F57 /* LeaderBoardConfigurationModel.swift */; };
		70236EF2234BA69E00FCD963 /* HelveticaNeue-Light.ttf in Resources */ = {isa = PBXBuildFile; fileRef = 70236EF0234BA69E00FCD963 /* HelveticaNeue-Light.ttf */; };
		70236EF4234BA6D300FCD963 /* HelveticaNeue-Bold.ttf in Resources */ = {isa = PBXBuildFile; fileRef = 70236EF3234BA6D300FCD963 /* HelveticaNeue-Bold.ttf */; };
		70236EFE234BA83E00FCD963 /* UIView+Extension.swift in Sources */ = {isa = PBXBuildFile; fileRef = 70236EFD234BA83E00FCD963 /* UIView+Extension.swift */; };
		70236F02234CC68700FCD963 /* AsyncResult.swift in Sources */ = {isa = PBXBuildFile; fileRef = 70236F01234CC68700FCD963 /* AsyncResult.swift */; };
		70236F07234CC76700FCD963 /* Reusable.swift in Sources */ = {isa = PBXBuildFile; fileRef = 70236F06234CC76700FCD963 /* Reusable.swift */; };
		70236F0A234CC8B500FCD963 /* UserPreference.swift in Sources */ = {isa = PBXBuildFile; fileRef = 70236F09234CC8B500FCD963 /* UserPreference.swift */; };
		70236F0E234CCACA00FCD963 /* Command.swift in Sources */ = {isa = PBXBuildFile; fileRef = 70236F0D234CCACA00FCD963 /* Command.swift */; };
		70236F10234CCAEA00FCD963 /* CommandsBuilder.swift in Sources */ = {isa = PBXBuildFile; fileRef = 70236F0F234CCAEA00FCD963 /* CommandsBuilder.swift */; };
		70236F15234CCDD000FCD963 /* NavigationBarAppearanceCommand.swift in Sources */ = {isa = PBXBuildFile; fileRef = 70236F14234CCDD000FCD963 /* NavigationBarAppearanceCommand.swift */; };
		70236F17234CCE0100FCD963 /* WindowConfigurationCommand.swift in Sources */ = {isa = PBXBuildFile; fileRef = 70236F16234CCE0100FCD963 /* WindowConfigurationCommand.swift */; };
		70236F1B234CD0EF00FCD963 /* UITextField+Extension.swift in Sources */ = {isa = PBXBuildFile; fileRef = 70236F1A234CD0EF00FCD963 /* UITextField+Extension.swift */; };
		7A09B4472467475A00A42C58 /* UITextView+Extension.swift in Sources */ = {isa = PBXBuildFile; fileRef = 7A09B4462467475A00A42C58 /* UITextView+Extension.swift */; };
		7A09B44A24677B6600A42C58 /* ResultProvider.swift in Sources */ = {isa = PBXBuildFile; fileRef = 7A09B44924677B6600A42C58 /* ResultProvider.swift */; };
		7A09B44C2467847500A42C58 /* Double+Extension.swift in Sources */ = {isa = PBXBuildFile; fileRef = 7A09B44B2467847500A42C58 /* Double+Extension.swift */; };
		7A5498752461DC9600BE4F15 /* PrimaryTextField.swift in Sources */ = {isa = PBXBuildFile; fileRef = 7A5498742461DC9600BE4F15 /* PrimaryTextField.swift */; };
		7A5498782462159600BE4F15 /* ClassicGameModel.swift in Sources */ = {isa = PBXBuildFile; fileRef = 7A5498772462159600BE4F15 /* ClassicGameModel.swift */; };
		7A571F1F2465F89000CFCEC7 /* ChoiceViewController.swift in Sources */ = {isa = PBXBuildFile; fileRef = 7A571F1D2465F89000CFCEC7 /* ChoiceViewController.swift */; };
		7A571F202465F89000CFCEC7 /* ChoiceViewController.xib in Resources */ = {isa = PBXBuildFile; fileRef = 7A571F1E2465F89000CFCEC7 /* ChoiceViewController.xib */; };
		7A571F2524663C8900CFCEC7 /* ResultViewController.swift in Sources */ = {isa = PBXBuildFile; fileRef = 7A571F2324663C8900CFCEC7 /* ResultViewController.swift */; };
		7A571F2624663C8900CFCEC7 /* ResultViewController.xib in Resources */ = {isa = PBXBuildFile; fileRef = 7A571F2424663C8900CFCEC7 /* ResultViewController.xib */; };
		7A571F2D2466FACF00CFCEC7 /* ArcadeModeViewController.swift in Sources */ = {isa = PBXBuildFile; fileRef = 7A571F2B2466FACF00CFCEC7 /* ArcadeModeViewController.swift */; };
		7A571F2E2466FACF00CFCEC7 /* ArcadeModeViewController.xib in Resources */ = {isa = PBXBuildFile; fileRef = 7A571F2C2466FACF00CFCEC7 /* ArcadeModeViewController.xib */; };
		7A571F312467050F00CFCEC7 /* ArcadeGameModel.swift in Sources */ = {isa = PBXBuildFile; fileRef = 7A571F302467050F00CFCEC7 /* ArcadeGameModel.swift */; };
		7A6D064E2464977F00405665 /* GameType.swift in Sources */ = {isa = PBXBuildFile; fileRef = 7A6D064D2464977F00405665 /* GameType.swift */; };
		7A6D06502464BC8D00405665 /* Array+Extension.swift in Sources */ = {isa = PBXBuildFile; fileRef = 7A6D064F2464BC8D00405665 /* Array+Extension.swift */; };
		7A6D06532464C0CE00405665 /* GameScoreView.swift in Sources */ = {isa = PBXBuildFile; fileRef = 7A6D06522464C0CE00405665 /* GameScoreView.swift */; };
		7A6D06552464C0DC00405665 /* GameScoreView.xib in Resources */ = {isa = PBXBuildFile; fileRef = 7A6D06542464C0DC00405665 /* GameScoreView.xib */; };
		7A708C752465E53C0047F20D /* TitledTextViewModel.swift in Sources */ = {isa = PBXBuildFile; fileRef = 7A708C742465E53C0047F20D /* TitledTextViewModel.swift */; };
		7AA49B6324659FD8005F4364 /* Gaming.swift in Sources */ = {isa = PBXBuildFile; fileRef = 7AA49B6224659FD8005F4364 /* Gaming.swift */; };
		7AA49B6524659FF2005F4364 /* GameProcessable.swift in Sources */ = {isa = PBXBuildFile; fileRef = 7AA49B6424659FF2005F4364 /* GameProcessable.swift */; };
		7ACE4529245C457F0016E080 /* InterfaceStyleConfigurationCommand.swift in Sources */ = {isa = PBXBuildFile; fileRef = 7ACE4528245C457F0016E080 /* InterfaceStyleConfigurationCommand.swift */; };
		7ACE452C245C45C70016E080 /* UserDefaultsBacked.swift in Sources */ = {isa = PBXBuildFile; fileRef = 7ACE452B245C45C70016E080 /* UserDefaultsBacked.swift */; };
		7AF36D90245C479500048E2F /* OnboardingPage.swift in Sources */ = {isa = PBXBuildFile; fileRef = 7AF36D8F245C479500048E2F /* OnboardingPage.swift */; };
		7AF36D94245C48AB00048E2F /* OnboardingPageViewController.swift in Sources */ = {isa = PBXBuildFile; fileRef = 7AF36D92245C48AB00048E2F /* OnboardingPageViewController.swift */; };
		7AF36D95245C48AB00048E2F /* OnboardingPageViewController.xib in Resources */ = {isa = PBXBuildFile; fileRef = 7AF36D93245C48AB00048E2F /* OnboardingPageViewController.xib */; };
		7AF36D98245C491800048E2F /* OnboardingViewController.swift in Sources */ = {isa = PBXBuildFile; fileRef = 7AF36D96245C491800048E2F /* OnboardingViewController.swift */; };
		7AF36D99245C491800048E2F /* OnboardingViewController.xib in Resources */ = {isa = PBXBuildFile; fileRef = 7AF36D97245C491800048E2F /* OnboardingViewController.xib */; };
		7AF36D9E245C4A8C00048E2F /* ConfigurationView.xib in Resources */ = {isa = PBXBuildFile; fileRef = 7AF36D9D245C4A8C00048E2F /* ConfigurationView.xib */; };
		7AF36DA0245C4A9B00048E2F /* ConfigurationView.swift in Sources */ = {isa = PBXBuildFile; fileRef = 7AF36D9F245C4A9B00048E2F /* ConfigurationView.swift */; };
		7AF36DA3245C4D1200048E2F /* TitledTextView.swift in Sources */ = {isa = PBXBuildFile; fileRef = 7AF36DA2245C4D1200048E2F /* TitledTextView.swift */; };
		7AF36DA5245C4D1D00048E2F /* TitledTextView.xib in Resources */ = {isa = PBXBuildFile; fileRef = 7AF36DA4245C4D1D00048E2F /* TitledTextView.xib */; };
		7AF36DA7245C502300048E2F /* Optional+Extension.swift in Sources */ = {isa = PBXBuildFile; fileRef = 7AF36DA6245C502300048E2F /* Optional+Extension.swift */; };
		7AF36DA9245C504B00048E2F /* UIViewController+Extension.swift in Sources */ = {isa = PBXBuildFile; fileRef = 7AF36DA8245C504B00048E2F /* UIViewController+Extension.swift */; };
		7AF36DAD245ED31C00048E2F /* ClassicModeViewController.swift in Sources */ = {isa = PBXBuildFile; fileRef = 7AF36DAB245ED31C00048E2F /* ClassicModeViewController.swift */; };
		7AF36DAE245ED31C00048E2F /* ClassicModeViewController.xib in Resources */ = {isa = PBXBuildFile; fileRef = 7AF36DAC245ED31C00048E2F /* ClassicModeViewController.xib */; };
		7AF36DB2245ED95100048E2F /* Game.swift in Sources */ = {isa = PBXBuildFile; fileRef = 7AF36DB1245ED95100048E2F /* Game.swift */; };
		7AF36DB5245EDACA00048E2F /* KeyboardStateObserver.swift in Sources */ = {isa = PBXBuildFile; fileRef = 7AF36DB4245EDACA00048E2F /* KeyboardStateObserver.swift */; };
		B0172A02231532120041EF2E /* R.generated.swift in Sources */ = {isa = PBXBuildFile; fileRef = B0172A01231532120041EF2E /* R.generated.swift */; };
		B0172A192315347E0041EF2E /* Localizable.strings in Resources */ = {isa = PBXBuildFile; fileRef = B0172A1B2315347E0041EF2E /* Localizable.strings */; };
		B0172A25231556EF0041EF2E /* Colors.xcassets in Resources */ = {isa = PBXBuildFile; fileRef = B0172A24231556EF0041EF2E /* Colors.xcassets */; };
		B05AEDEB2318F77500CCA98F /* LaunchScreen.storyboard in Resources */ = {isa = PBXBuildFile; fileRef = B05AEDEA2318F77500CCA98F /* LaunchScreen.storyboard */; };
		E1633C00D0C5FAEBFF4DDDEF /* Pods_zhazam.framework in Frameworks */ = {isa = PBXBuildFile; fileRef = C8911543EF91E674FF818AD0 /* Pods_zhazam.framework */; };
/* End PBXBuildFile section */

/* Begin PBXFileReference section */
		0420DA03248ADAC800FC57F7 /* LanguageManager.swift */ = {isa = PBXFileReference; lastKnownFileType = sourcecode.swift; path = LanguageManager.swift; sourceTree = "<group>"; };
		0420DA05248BB6BB00FC57F7 /* String+Extension.swift */ = {isa = PBXFileReference; lastKnownFileType = sourcecode.swift; path = "String+Extension.swift"; sourceTree = "<group>"; };
		0420DA07248BE10A00FC57F7 /* UserDefaultsStorage.swift */ = {isa = PBXFileReference; lastKnownFileType = sourcecode.swift; path = UserDefaultsStorage.swift; sourceTree = "<group>"; };
		04218FFD24558752001FF96F /* CategoryViewModel.swift */ = {isa = PBXFileReference; lastKnownFileType = sourcecode.swift; path = CategoryViewModel.swift; sourceTree = "<group>"; };
		0421FC412461E6CD0093E23D /* MenuConfigurationView.swift */ = {isa = PBXFileReference; lastKnownFileType = sourcecode.swift; path = MenuConfigurationView.swift; sourceTree = "<group>"; };
		0421FC432461E6E90093E23D /* MenuConfigurationView.xib */ = {isa = PBXFileReference; lastKnownFileType = file.xib; path = MenuConfigurationView.xib; sourceTree = "<group>"; };
		04583705245C255200DC0E1B /* LoadingButtonView.swift */ = {isa = PBXFileReference; lastKnownFileType = sourcecode.swift; path = LoadingButtonView.swift; sourceTree = "<group>"; };
		04583707245C257C00DC0E1B /* LoadingButtonView.xib */ = {isa = PBXFileReference; lastKnownFileType = file.xib; path = LoadingButtonView.xib; sourceTree = "<group>"; };
		0458370D245C9A3C00DC0E1B /* Int+Extension.swift */ = {isa = PBXFileReference; lastKnownFileType = sourcecode.swift; path = "Int+Extension.swift"; sourceTree = "<group>"; };
		04583710245D641200DC0E1B /* LoadingLabel.swift */ = {isa = PBXFileReference; lastKnownFileType = sourcecode.swift; path = LoadingLabel.swift; sourceTree = "<group>"; };
		0484560424632E0E00932906 /* MainMenuStorage.swift */ = {isa = PBXFileReference; lastKnownFileType = sourcecode.swift; path = MainMenuStorage.swift; sourceTree = "<group>"; };
		0484560624632EE400932906 /* GameModesStorage.swift */ = {isa = PBXFileReference; lastKnownFileType = sourcecode.swift; path = GameModesStorage.swift; sourceTree = "<group>"; };
		0484560924632F2200932906 /* SettingsStorage.swift */ = {isa = PBXFileReference; lastKnownFileType = sourcecode.swift; path = SettingsStorage.swift; sourceTree = "<group>"; };
		0499A2A72439FE54008C6FAD /* MenuViewController.swift */ = {isa = PBXFileReference; lastKnownFileType = sourcecode.swift; path = MenuViewController.swift; sourceTree = "<group>"; };
		0499A2A92439FE68008C6FAD /* MenuViewController.xib */ = {isa = PBXFileReference; lastKnownFileType = file.xib; path = MenuViewController.xib; sourceTree = "<group>"; };
		0499A2AC243A024B008C6FAD /* LogoView.xib */ = {isa = PBXFileReference; lastKnownFileType = file.xib; path = LogoView.xib; sourceTree = "<group>"; };
		0499A2AE243A0257008C6FAD /* LogoView.swift */ = {isa = PBXFileReference; lastKnownFileType = sourcecode.swift; path = LogoView.swift; sourceTree = "<group>"; };
		04BE89472464458000D39C9E /* ConfigurationViewModel.swift */ = {isa = PBXFileReference; lastKnownFileType = sourcecode.swift; path = ConfigurationViewModel.swift; sourceTree = "<group>"; };
		04BE894B246480CF00D39C9E /* ParameterEncoding.swift */ = {isa = PBXFileReference; fileEncoding = 4; lastKnownFileType = sourcecode.swift; path = ParameterEncoding.swift; sourceTree = "<group>"; };
		04BE894C246480CF00D39C9E /* URLParameterEncoder.swift */ = {isa = PBXFileReference; fileEncoding = 4; lastKnownFileType = sourcecode.swift; path = URLParameterEncoder.swift; sourceTree = "<group>"; };
		04BE894D246480CF00D39C9E /* JSONParameterEncoder.swift */ = {isa = PBXFileReference; fileEncoding = 4; lastKnownFileType = sourcecode.swift; path = JSONParameterEncoder.swift; sourceTree = "<group>"; };
		04BE894F246480CF00D39C9E /* NetworkResponse.swift */ = {isa = PBXFileReference; fileEncoding = 4; lastKnownFileType = sourcecode.swift; path = NetworkResponse.swift; sourceTree = "<group>"; };
		04BE8950246480CF00D39C9E /* Result.swift */ = {isa = PBXFileReference; fileEncoding = 4; lastKnownFileType = sourcecode.swift; path = Result.swift; sourceTree = "<group>"; };
		04BE8951246480CF00D39C9E /* NetworkManager.swift */ = {isa = PBXFileReference; fileEncoding = 4; lastKnownFileType = sourcecode.swift; path = NetworkManager.swift; sourceTree = "<group>"; };
		04BE8955246480CF00D39C9E /* NetworkRouter.swift */ = {isa = PBXFileReference; fileEncoding = 4; lastKnownFileType = sourcecode.swift; path = NetworkRouter.swift; sourceTree = "<group>"; };
		04BE8956246480CF00D39C9E /* HTTPTask.swift */ = {isa = PBXFileReference; fileEncoding = 4; lastKnownFileType = sourcecode.swift; path = HTTPTask.swift; sourceTree = "<group>"; };
		04BE8957246480CF00D39C9E /* HTTPMethod.swift */ = {isa = PBXFileReference; fileEncoding = 4; lastKnownFileType = sourcecode.swift; path = HTTPMethod.swift; sourceTree = "<group>"; };
		04BE8958246480CF00D39C9E /* Router.swift */ = {isa = PBXFileReference; fileEncoding = 4; lastKnownFileType = sourcecode.swift; path = Router.swift; sourceTree = "<group>"; };
		04BE8959246480CF00D39C9E /* EndPointType.swift */ = {isa = PBXFileReference; fileEncoding = 4; lastKnownFileType = sourcecode.swift; path = EndPointType.swift; sourceTree = "<group>"; };
		04BE896724648B3900D39C9E /* EndPoint.swift */ = {isa = PBXFileReference; fileEncoding = 4; lastKnownFileType = sourcecode.swift; path = EndPoint.swift; sourceTree = "<group>"; };
		04BE896924648C8C00D39C9E /* Handler.swift */ = {isa = PBXFileReference; lastKnownFileType = sourcecode.swift; path = Handler.swift; sourceTree = "<group>"; };
		04BE896B24655C2800D39C9E /* KeychainAccess.swift */ = {isa = PBXFileReference; lastKnownFileType = sourcecode.swift; path = KeychainAccess.swift; sourceTree = "<group>"; };
		04BE896E246569C000D39C9E /* TokenGenerator.swift */ = {isa = PBXFileReference; lastKnownFileType = sourcecode.swift; path = TokenGenerator.swift; sourceTree = "<group>"; };
		04DA41622465F3BC00C9CF87 /* GameResult.swift */ = {isa = PBXFileReference; lastKnownFileType = sourcecode.swift; path = GameResult.swift; sourceTree = "<group>"; };
		04DA41642466F39600C9CF87 /* Username.swift */ = {isa = PBXFileReference; lastKnownFileType = sourcecode.swift; path = Username.swift; sourceTree = "<group>"; };
		04DA41672467035F00C9CF87 /* ChoiceProvider.swift */ = {isa = PBXFileReference; lastKnownFileType = sourcecode.swift; path = ChoiceProvider.swift; sourceTree = "<group>"; };
		04DA416924672FDE00C9CF87 /* Statistics.swift */ = {isa = PBXFileReference; lastKnownFileType = sourcecode.swift; path = Statistics.swift; sourceTree = "<group>"; };
		04DA416B246734DF00C9CF87 /* Status.swift */ = {isa = PBXFileReference; lastKnownFileType = sourcecode.swift; path = Status.swift; sourceTree = "<group>"; };
		04DA416E2467403E00C9CF87 /* StatisticsProvider.swift */ = {isa = PBXFileReference; lastKnownFileType = sourcecode.swift; path = StatisticsProvider.swift; sourceTree = "<group>"; };
		0D1F8A50230C5FF200ECE3B4 /* zhazam.app */ = {isa = PBXFileReference; explicitFileType = wrapper.application; includeInIndex = 0; path = zhazam.app; sourceTree = BUILT_PRODUCTS_DIR; };
		0D1F8A53230C5FF200ECE3B4 /* AppDelegate.swift */ = {isa = PBXFileReference; lastKnownFileType = sourcecode.swift; path = AppDelegate.swift; sourceTree = "<group>"; };
		0D1F8A55230C5FF200ECE3B4 /* LoadingViewController.swift */ = {isa = PBXFileReference; lastKnownFileType = sourcecode.swift; path = LoadingViewController.swift; sourceTree = "<group>"; };
		0D1F8A5A230C5FF500ECE3B4 /* Images.xcassets */ = {isa = PBXFileReference; lastKnownFileType = folder.assetcatalog; path = Images.xcassets; sourceTree = "<group>"; };
		0D1F8A5F230C5FF500ECE3B4 /* Info.plist */ = {isa = PBXFileReference; lastKnownFileType = text.plist.xml; path = Info.plist; sourceTree = "<group>"; };
		0DCC8FDE2358D1670047EB90 /* LoadingViewController.xib */ = {isa = PBXFileReference; lastKnownFileType = file.xib; path = LoadingViewController.xib; sourceTree = "<group>"; };
		243556F52483860800A862F5 /* LeaderBoardResult.swift */ = {isa = PBXFileReference; lastKnownFileType = sourcecode.swift; path = LeaderBoardResult.swift; sourceTree = "<group>"; };
		24729FAC245B43F500A69CC3 /* StatisticsViewController.swift */ = {isa = PBXFileReference; lastKnownFileType = sourcecode.swift; path = StatisticsViewController.swift; sourceTree = "<group>"; };
		24729FAE245B440900A69CC3 /* StatisticsViewController.xib */ = {isa = PBXFileReference; lastKnownFileType = file.xib; path = StatisticsViewController.xib; sourceTree = "<group>"; };
		24729FB1245B447900A69CC3 /* StatisticsCollectionCell.swift */ = {isa = PBXFileReference; lastKnownFileType = sourcecode.swift; path = StatisticsCollectionCell.swift; sourceTree = "<group>"; };
		24729FB3245B448700A69CC3 /* StatisticsCollectionCell.xib */ = {isa = PBXFileReference; lastKnownFileType = file.xib; path = StatisticsCollectionCell.xib; sourceTree = "<group>"; };
		24729FB6245C7B1A00A69CC3 /* StatisticsViewModel.swift */ = {isa = PBXFileReference; lastKnownFileType = sourcecode.swift; path = StatisticsViewModel.swift; sourceTree = "<group>"; };
		24A6174D244FA9CA007F92E6 /* CountdownViewController.xib */ = {isa = PBXFileReference; lastKnownFileType = file.xib; path = CountdownViewController.xib; sourceTree = "<group>"; };
		24A6174F244FA9F8007F92E6 /* CountdownViewController.swift */ = {isa = PBXFileReference; lastKnownFileType = sourcecode.swift; path = CountdownViewController.swift; sourceTree = "<group>"; };
		24A6175A245209A1007F92E6 /* TimerRowView.swift */ = {isa = PBXFileReference; lastKnownFileType = sourcecode.swift; path = TimerRowView.swift; sourceTree = "<group>"; };
		24A6175C245209AC007F92E6 /* TimerRowView.xib */ = {isa = PBXFileReference; lastKnownFileType = file.xib; path = TimerRowView.xib; sourceTree = "<group>"; };
		24C632AB2466DF9800FC0DFA /* UIApplication+Extension.swift */ = {isa = PBXFileReference; lastKnownFileType = sourcecode.swift; path = "UIApplication+Extension.swift"; sourceTree = "<group>"; };
		24C632AE24671E4A00FC0DFA /* LeaderBoardViewController.swift */ = {isa = PBXFileReference; lastKnownFileType = sourcecode.swift; path = LeaderBoardViewController.swift; sourceTree = "<group>"; };
		24C632B024671E6D00FC0DFA /* LeaderBoardViewController.xib */ = {isa = PBXFileReference; lastKnownFileType = file.xib; path = LeaderBoardViewController.xib; sourceTree = "<group>"; };
		24C632B324671F7D00FC0DFA /* LeaderBoardCell.swift */ = {isa = PBXFileReference; lastKnownFileType = sourcecode.swift; path = LeaderBoardCell.swift; sourceTree = "<group>"; };
		24C632B524671F8F00FC0DFA /* LeaderBoardCell.xib */ = {isa = PBXFileReference; lastKnownFileType = file.xib; path = LeaderBoardCell.xib; sourceTree = "<group>"; };
		24C632B82467261F00FC0DFA /* LeaderBoardViewModel.swift */ = {isa = PBXFileReference; lastKnownFileType = sourcecode.swift; path = LeaderBoardViewModel.swift; sourceTree = "<group>"; };
		24CFF08A2486AB560048BCD8 /* LeaderBoardProvider.swift */ = {isa = PBXFileReference; fileEncoding = 4; lastKnownFileType = sourcecode.swift; path = LeaderBoardProvider.swift; sourceTree = "<group>"; };
		24D9FB21246828E7006A6F57 /* LeaderBoardConfigurationModel.swift */ = {isa = PBXFileReference; lastKnownFileType = sourcecode.swift; path = LeaderBoardConfigurationModel.swift; sourceTree = "<group>"; };
		70236EF0234BA69E00FCD963 /* HelveticaNeue-Light.ttf */ = {isa = PBXFileReference; lastKnownFileType = file; path = "HelveticaNeue-Light.ttf"; sourceTree = "<group>"; };
		70236EF3234BA6D300FCD963 /* HelveticaNeue-Bold.ttf */ = {isa = PBXFileReference; lastKnownFileType = file; path = "HelveticaNeue-Bold.ttf"; sourceTree = "<group>"; };
		70236EFD234BA83E00FCD963 /* UIView+Extension.swift */ = {isa = PBXFileReference; lastKnownFileType = sourcecode.swift; path = "UIView+Extension.swift"; sourceTree = "<group>"; };
		70236F01234CC68700FCD963 /* AsyncResult.swift */ = {isa = PBXFileReference; lastKnownFileType = sourcecode.swift; path = AsyncResult.swift; sourceTree = "<group>"; };
		70236F06234CC76700FCD963 /* Reusable.swift */ = {isa = PBXFileReference; lastKnownFileType = sourcecode.swift; path = Reusable.swift; sourceTree = "<group>"; };
		70236F09234CC8B500FCD963 /* UserPreference.swift */ = {isa = PBXFileReference; lastKnownFileType = sourcecode.swift; path = UserPreference.swift; sourceTree = "<group>"; };
		70236F0D234CCACA00FCD963 /* Command.swift */ = {isa = PBXFileReference; lastKnownFileType = sourcecode.swift; path = Command.swift; sourceTree = "<group>"; };
		70236F0F234CCAEA00FCD963 /* CommandsBuilder.swift */ = {isa = PBXFileReference; lastKnownFileType = sourcecode.swift; path = CommandsBuilder.swift; sourceTree = "<group>"; };
		70236F14234CCDD000FCD963 /* NavigationBarAppearanceCommand.swift */ = {isa = PBXFileReference; lastKnownFileType = sourcecode.swift; path = NavigationBarAppearanceCommand.swift; sourceTree = "<group>"; };
		70236F16234CCE0100FCD963 /* WindowConfigurationCommand.swift */ = {isa = PBXFileReference; lastKnownFileType = sourcecode.swift; path = WindowConfigurationCommand.swift; sourceTree = "<group>"; };
		70236F1A234CD0EF00FCD963 /* UITextField+Extension.swift */ = {isa = PBXFileReference; lastKnownFileType = sourcecode.swift; path = "UITextField+Extension.swift"; sourceTree = "<group>"; };
		7A09B4462467475A00A42C58 /* UITextView+Extension.swift */ = {isa = PBXFileReference; lastKnownFileType = sourcecode.swift; path = "UITextView+Extension.swift"; sourceTree = "<group>"; };
		7A09B44924677B6600A42C58 /* ResultProvider.swift */ = {isa = PBXFileReference; lastKnownFileType = sourcecode.swift; path = ResultProvider.swift; sourceTree = "<group>"; };
		7A09B44B2467847500A42C58 /* Double+Extension.swift */ = {isa = PBXFileReference; lastKnownFileType = sourcecode.swift; path = "Double+Extension.swift"; sourceTree = "<group>"; };
		7A5498742461DC9600BE4F15 /* PrimaryTextField.swift */ = {isa = PBXFileReference; lastKnownFileType = sourcecode.swift; path = PrimaryTextField.swift; sourceTree = "<group>"; };
		7A5498772462159600BE4F15 /* ClassicGameModel.swift */ = {isa = PBXFileReference; lastKnownFileType = sourcecode.swift; path = ClassicGameModel.swift; sourceTree = "<group>"; };
		7A571F1D2465F89000CFCEC7 /* ChoiceViewController.swift */ = {isa = PBXFileReference; lastKnownFileType = sourcecode.swift; path = ChoiceViewController.swift; sourceTree = "<group>"; };
		7A571F1E2465F89000CFCEC7 /* ChoiceViewController.xib */ = {isa = PBXFileReference; lastKnownFileType = file.xib; path = ChoiceViewController.xib; sourceTree = "<group>"; };
		7A571F2324663C8900CFCEC7 /* ResultViewController.swift */ = {isa = PBXFileReference; lastKnownFileType = sourcecode.swift; path = ResultViewController.swift; sourceTree = "<group>"; };
		7A571F2424663C8900CFCEC7 /* ResultViewController.xib */ = {isa = PBXFileReference; lastKnownFileType = file.xib; path = ResultViewController.xib; sourceTree = "<group>"; };
		7A571F2B2466FACF00CFCEC7 /* ArcadeModeViewController.swift */ = {isa = PBXFileReference; lastKnownFileType = sourcecode.swift; path = ArcadeModeViewController.swift; sourceTree = "<group>"; };
		7A571F2C2466FACF00CFCEC7 /* ArcadeModeViewController.xib */ = {isa = PBXFileReference; lastKnownFileType = file.xib; path = ArcadeModeViewController.xib; sourceTree = "<group>"; };
		7A571F302467050F00CFCEC7 /* ArcadeGameModel.swift */ = {isa = PBXFileReference; lastKnownFileType = sourcecode.swift; path = ArcadeGameModel.swift; sourceTree = "<group>"; };
		7A6D064D2464977F00405665 /* GameType.swift */ = {isa = PBXFileReference; lastKnownFileType = sourcecode.swift; path = GameType.swift; sourceTree = "<group>"; };
		7A6D064F2464BC8D00405665 /* Array+Extension.swift */ = {isa = PBXFileReference; lastKnownFileType = sourcecode.swift; path = "Array+Extension.swift"; sourceTree = "<group>"; };
		7A6D06522464C0CE00405665 /* GameScoreView.swift */ = {isa = PBXFileReference; lastKnownFileType = sourcecode.swift; path = GameScoreView.swift; sourceTree = "<group>"; };
		7A6D06542464C0DC00405665 /* GameScoreView.xib */ = {isa = PBXFileReference; lastKnownFileType = file.xib; path = GameScoreView.xib; sourceTree = "<group>"; };
		7A708C742465E53C0047F20D /* TitledTextViewModel.swift */ = {isa = PBXFileReference; lastKnownFileType = sourcecode.swift; path = TitledTextViewModel.swift; sourceTree = "<group>"; };
		7AA49B6224659FD8005F4364 /* Gaming.swift */ = {isa = PBXFileReference; lastKnownFileType = sourcecode.swift; path = Gaming.swift; sourceTree = "<group>"; };
		7AA49B6424659FF2005F4364 /* GameProcessable.swift */ = {isa = PBXFileReference; lastKnownFileType = sourcecode.swift; path = GameProcessable.swift; sourceTree = "<group>"; };
		7ACE4528245C457F0016E080 /* InterfaceStyleConfigurationCommand.swift */ = {isa = PBXFileReference; lastKnownFileType = sourcecode.swift; path = InterfaceStyleConfigurationCommand.swift; sourceTree = "<group>"; };
		7ACE452B245C45C70016E080 /* UserDefaultsBacked.swift */ = {isa = PBXFileReference; lastKnownFileType = sourcecode.swift; path = UserDefaultsBacked.swift; sourceTree = "<group>"; };
		7AF36D8F245C479500048E2F /* OnboardingPage.swift */ = {isa = PBXFileReference; lastKnownFileType = sourcecode.swift; path = OnboardingPage.swift; sourceTree = "<group>"; };
		7AF36D92245C48AB00048E2F /* OnboardingPageViewController.swift */ = {isa = PBXFileReference; lastKnownFileType = sourcecode.swift; path = OnboardingPageViewController.swift; sourceTree = "<group>"; };
		7AF36D93245C48AB00048E2F /* OnboardingPageViewController.xib */ = {isa = PBXFileReference; lastKnownFileType = file.xib; path = OnboardingPageViewController.xib; sourceTree = "<group>"; };
		7AF36D96245C491800048E2F /* OnboardingViewController.swift */ = {isa = PBXFileReference; lastKnownFileType = sourcecode.swift; path = OnboardingViewController.swift; sourceTree = "<group>"; };
		7AF36D97245C491800048E2F /* OnboardingViewController.xib */ = {isa = PBXFileReference; lastKnownFileType = file.xib; path = OnboardingViewController.xib; sourceTree = "<group>"; };
		7AF36D9D245C4A8C00048E2F /* ConfigurationView.xib */ = {isa = PBXFileReference; lastKnownFileType = file.xib; path = ConfigurationView.xib; sourceTree = "<group>"; };
		7AF36D9F245C4A9B00048E2F /* ConfigurationView.swift */ = {isa = PBXFileReference; lastKnownFileType = sourcecode.swift; path = ConfigurationView.swift; sourceTree = "<group>"; };
		7AF36DA2245C4D1200048E2F /* TitledTextView.swift */ = {isa = PBXFileReference; lastKnownFileType = sourcecode.swift; path = TitledTextView.swift; sourceTree = "<group>"; };
		7AF36DA4245C4D1D00048E2F /* TitledTextView.xib */ = {isa = PBXFileReference; lastKnownFileType = file.xib; path = TitledTextView.xib; sourceTree = "<group>"; };
		7AF36DA6245C502300048E2F /* Optional+Extension.swift */ = {isa = PBXFileReference; lastKnownFileType = sourcecode.swift; path = "Optional+Extension.swift"; sourceTree = "<group>"; };
		7AF36DA8245C504B00048E2F /* UIViewController+Extension.swift */ = {isa = PBXFileReference; lastKnownFileType = sourcecode.swift; path = "UIViewController+Extension.swift"; sourceTree = "<group>"; };
		7AF36DAB245ED31C00048E2F /* ClassicModeViewController.swift */ = {isa = PBXFileReference; lastKnownFileType = sourcecode.swift; path = ClassicModeViewController.swift; sourceTree = "<group>"; };
		7AF36DAC245ED31C00048E2F /* ClassicModeViewController.xib */ = {isa = PBXFileReference; lastKnownFileType = file.xib; path = ClassicModeViewController.xib; sourceTree = "<group>"; };
		7AF36DB1245ED95100048E2F /* Game.swift */ = {isa = PBXFileReference; lastKnownFileType = sourcecode.swift; path = Game.swift; sourceTree = "<group>"; };
		7AF36DB4245EDACA00048E2F /* KeyboardStateObserver.swift */ = {isa = PBXFileReference; lastKnownFileType = sourcecode.swift; path = KeyboardStateObserver.swift; sourceTree = "<group>"; };
		A0D3B98F6F39B6FC0063B84C /* Pods-zhazam.release.xcconfig */ = {isa = PBXFileReference; includeInIndex = 1; lastKnownFileType = text.xcconfig; name = "Pods-zhazam.release.xcconfig"; path = "Target Support Files/Pods-zhazam/Pods-zhazam.release.xcconfig"; sourceTree = "<group>"; };
		B0172A01231532120041EF2E /* R.generated.swift */ = {isa = PBXFileReference; fileEncoding = 4; lastKnownFileType = sourcecode.swift; path = R.generated.swift; sourceTree = SOURCE_ROOT; };
		B0172A1A2315347E0041EF2E /* en */ = {isa = PBXFileReference; lastKnownFileType = text.plist.strings; name = en; path = en.lproj/Localizable.strings; sourceTree = "<group>"; };
		B0172A1E2315350F0041EF2E /* ru */ = {isa = PBXFileReference; lastKnownFileType = text.plist.strings; name = ru; path = ru.lproj/Localizable.strings; sourceTree = "<group>"; };
		B0172A212315351C0041EF2E /* uk */ = {isa = PBXFileReference; lastKnownFileType = text.plist.strings; name = uk; path = uk.lproj/Localizable.strings; sourceTree = "<group>"; };
		B0172A24231556EF0041EF2E /* Colors.xcassets */ = {isa = PBXFileReference; lastKnownFileType = folder.assetcatalog; path = Colors.xcassets; sourceTree = "<group>"; };
		B05AEDEA2318F77500CCA98F /* LaunchScreen.storyboard */ = {isa = PBXFileReference; fileEncoding = 4; lastKnownFileType = file.storyboard; path = LaunchScreen.storyboard; sourceTree = "<group>"; };
		C8911543EF91E674FF818AD0 /* Pods_zhazam.framework */ = {isa = PBXFileReference; explicitFileType = wrapper.framework; includeInIndex = 0; path = Pods_zhazam.framework; sourceTree = BUILT_PRODUCTS_DIR; };
		E341680D7D0FDCD32C0F280A /* Pods-zhazam.debug.xcconfig */ = {isa = PBXFileReference; includeInIndex = 1; lastKnownFileType = text.xcconfig; name = "Pods-zhazam.debug.xcconfig"; path = "Target Support Files/Pods-zhazam/Pods-zhazam.debug.xcconfig"; sourceTree = "<group>"; };
/* End PBXFileReference section */

/* Begin PBXFrameworksBuildPhase section */
		0D1F8A4D230C5FF200ECE3B4 /* Frameworks */ = {
			isa = PBXFrameworksBuildPhase;
			buildActionMask = 2147483647;
			files = (
				E1633C00D0C5FAEBFF4DDDEF /* Pods_zhazam.framework in Frameworks */,
			);
			runOnlyForDeploymentPostprocessing = 0;
		};
/* End PBXFrameworksBuildPhase section */

/* Begin PBXGroup section */
		0420DA02248ADAAD00FC57F7 /* LanguageManager */ = {
			isa = PBXGroup;
			children = (
				0420DA03248ADAC800FC57F7 /* LanguageManager.swift */,
			);
			path = LanguageManager;
			sourceTree = "<group>";
		};
		04218FFC245586EB001FF96F /* Storages */ = {
			isa = PBXGroup;
			children = (
				0484560424632E0E00932906 /* MainMenuStorage.swift */,
				0484560624632EE400932906 /* GameModesStorage.swift */,
				0484560924632F2200932906 /* SettingsStorage.swift */,
			);
			path = Storages;
			sourceTree = "<group>";
		};
		042E9CF8244F49A30017E596 /* Views */ = {
			isa = PBXGroup;
			children = (
				04583707245C257C00DC0E1B /* LoadingButtonView.xib */,
				04583705245C255200DC0E1B /* LoadingButtonView.swift */,
				0421FC432461E6E90093E23D /* MenuConfigurationView.xib */,
				0421FC412461E6CD0093E23D /* MenuConfigurationView.swift */,
			);
			path = Views;
			sourceTree = "<group>";
		};
		0458370F245D640500DC0E1B /* Labels */ = {
			isa = PBXGroup;
			children = (
				04583710245D641200DC0E1B /* LoadingLabel.swift */,
			);
			path = Labels;
			sourceTree = "<group>";
		};
		0484560B24635C6A00932906 /* ViewModels */ = {
			isa = PBXGroup;
			children = (
				04218FFD24558752001FF96F /* CategoryViewModel.swift */,
				04BE89472464458000D39C9E /* ConfigurationViewModel.swift */,
			);
			path = ViewModels;
			sourceTree = "<group>";
		};
		0499A2A62439FE0A008C6FAD /* Menu */ = {
			isa = PBXGroup;
			children = (
				0484560B24635C6A00932906 /* ViewModels */,
				042E9CF8244F49A30017E596 /* Views */,
				04218FFC245586EB001FF96F /* Storages */,
				0499A2A92439FE68008C6FAD /* MenuViewController.xib */,
				0499A2A72439FE54008C6FAD /* MenuViewController.swift */,
			);
			path = Menu;
			sourceTree = "<group>";
		};
		0499A2AB243A0050008C6FAD /* Views */ = {
			isa = PBXGroup;
			children = (
				7A5498732461DC6200BE4F15 /* PrimaryTextField */,
				0458370F245D640500DC0E1B /* Labels */,
				7AF36DA1245C4CFE00048E2F /* TitledTextView */,
				7AF36D9A245C4A5000048E2F /* ConfigurationView */,
				0499A2B0243A0B43008C6FAD /* Logo */,
			);
			path = Views;
			sourceTree = "<group>";
		};
		0499A2B0243A0B43008C6FAD /* Logo */ = {
			isa = PBXGroup;
			children = (
				0499A2AC243A024B008C6FAD /* LogoView.xib */,
				0499A2AE243A0257008C6FAD /* LogoView.swift */,
			);
			path = Logo;
			sourceTree = "<group>";
		};
		04BE8949246480CF00D39C9E /* NetworkLayer */ = {
			isa = PBXGroup;
			children = (
				04BE894E246480CF00D39C9E /* Manager */,
				04BE8952246480CF00D39C9E /* EndPoint */,
				04BE894A246480CF00D39C9E /* Encoding */,
				04BE8954246480CF00D39C9E /* Request */,
			);
			path = NetworkLayer;
			sourceTree = "<group>";
		};
		04BE894A246480CF00D39C9E /* Encoding */ = {
			isa = PBXGroup;
			children = (
				04BE894B246480CF00D39C9E /* ParameterEncoding.swift */,
				04BE894C246480CF00D39C9E /* URLParameterEncoder.swift */,
				04BE894D246480CF00D39C9E /* JSONParameterEncoder.swift */,
			);
			path = Encoding;
			sourceTree = "<group>";
		};
		04BE894E246480CF00D39C9E /* Manager */ = {
			isa = PBXGroup;
			children = (
				04BE8951246480CF00D39C9E /* NetworkManager.swift */,
				04BE894F246480CF00D39C9E /* NetworkResponse.swift */,
				04BE8950246480CF00D39C9E /* Result.swift */,
			);
			path = Manager;
			sourceTree = "<group>";
		};
		04BE8952246480CF00D39C9E /* EndPoint */ = {
			isa = PBXGroup;
			children = (
				04BE896724648B3900D39C9E /* EndPoint.swift */,
			);
			path = EndPoint;
			sourceTree = "<group>";
		};
		04BE8954246480CF00D39C9E /* Request */ = {
			isa = PBXGroup;
			children = (
				04BE8955246480CF00D39C9E /* NetworkRouter.swift */,
				04BE8956246480CF00D39C9E /* HTTPTask.swift */,
				04BE8957246480CF00D39C9E /* HTTPMethod.swift */,
				04BE8958246480CF00D39C9E /* Router.swift */,
				04BE8959246480CF00D39C9E /* EndPointType.swift */,
				04BE896924648C8C00D39C9E /* Handler.swift */,
			);
			path = Request;
			sourceTree = "<group>";
		};
		04BE896D2465698F00D39C9E /* KeychainStorage */ = {
			isa = PBXGroup;
			children = (
				04BE896B24655C2800D39C9E /* KeychainAccess.swift */,
				04BE896E246569C000D39C9E /* TokenGenerator.swift */,
			);
			path = KeychainStorage;
			sourceTree = "<group>";
		};
		04DA41612465F18900C9CF87 /* Models */ = {
			isa = PBXGroup;
			children = (
				04DA41622465F3BC00C9CF87 /* GameResult.swift */,
				243556F52483860800A862F5 /* LeaderBoardResult.swift */,
				04DA41642466F39600C9CF87 /* Username.swift */,
				04DA416924672FDE00C9CF87 /* Statistics.swift */,
				04DA416B246734DF00C9CF87 /* Status.swift */,
			);
			path = Models;
			sourceTree = "<group>";
		};
		04DA41662467034E00C9CF87 /* Provider */ = {
			isa = PBXGroup;
			children = (
				04DA41672467035F00C9CF87 /* ChoiceProvider.swift */,
			);
			path = Provider;
			sourceTree = "<group>";
		};
		04DA416D2467402500C9CF87 /* Provider */ = {
			isa = PBXGroup;
			children = (
				04DA416E2467403E00C9CF87 /* StatisticsProvider.swift */,
			);
			path = Provider;
			sourceTree = "<group>";
		};
		0D1F8A47230C5FF200ECE3B4 = {
			isa = PBXGroup;
			children = (
				0D1F8A52230C5FF200ECE3B4 /* zhazam */,
				0D1F8A51230C5FF200ECE3B4 /* Products */,
				F2CDC132518C053D1AFA4841 /* Pods */,
				D0C75ED0ACE4C9203FD56A2E /* Frameworks */,
			);
			sourceTree = "<group>";
		};
		0D1F8A51230C5FF200ECE3B4 /* Products */ = {
			isa = PBXGroup;
			children = (
				0D1F8A50230C5FF200ECE3B4 /* zhazam.app */,
			);
			name = Products;
			sourceTree = "<group>";
		};
		0D1F8A52230C5FF200ECE3B4 /* zhazam */ = {
			isa = PBXGroup;
			children = (
				B0172A22231537AA0041EF2E /* Application */,
				70236EFF234CC66A00FCD963 /* Core */,
				04DA41612465F18900C9CF87 /* Models */,
				0DCC8FDC2358D13B0047EB90 /* Modules */,
				70236F03234CC6FD00FCD963 /* Utility */,
				B0172A00231531F60041EF2E /* Resources */,
				0D1F8A5F230C5FF500ECE3B4 /* Info.plist */,
			);
			path = zhazam;
			sourceTree = "<group>";
		};
		0DCC8FDC2358D13B0047EB90 /* Modules */ = {
			isa = PBXGroup;
			children = (
				7A571F2124663C6400CFCEC7 /* Result */,
				0499A2AB243A0050008C6FAD /* Views */,
				7A571F1B2465F64000CFCEC7 /* Choice */,
				7AF36DAF245ED93400048E2F /* Game */,
				7AF36D8E245C474700048E2F /* Onboarding */,
				0499A2A62439FE0A008C6FAD /* Menu */,
				0DCC8FDD2358D14F0047EB90 /* Loading */,
				24A61748244FA248007F92E6 /* CountDown */,
				24C632AD24671D8000FC0DFA /* LeaderBoard */,
				24729FAB245B43C500A69CC3 /* Statistics */,
			);
			path = Modules;
			sourceTree = "<group>";
		};
		0DCC8FDD2358D14F0047EB90 /* Loading */ = {
			isa = PBXGroup;
			children = (
				0DCC8FDE2358D1670047EB90 /* LoadingViewController.xib */,
				0D1F8A55230C5FF200ECE3B4 /* LoadingViewController.swift */,
			);
			path = Loading;
			sourceTree = "<group>";
		};
		24729FAB245B43C500A69CC3 /* Statistics */ = {
			isa = PBXGroup;
			children = (
				04DA416D2467402500C9CF87 /* Provider */,
				24729FDE2465248300A69CC3 /* ViewModels */,
				24729FB0245B443600A69CC3 /* Views */,
				24729FAC245B43F500A69CC3 /* StatisticsViewController.swift */,
				24729FAE245B440900A69CC3 /* StatisticsViewController.xib */,
			);
			path = Statistics;
			sourceTree = "<group>";
		};
		24729FB0245B443600A69CC3 /* Views */ = {
			isa = PBXGroup;
			children = (
				24729FB1245B447900A69CC3 /* StatisticsCollectionCell.swift */,
				24729FB3245B448700A69CC3 /* StatisticsCollectionCell.xib */,
			);
			path = Views;
			sourceTree = "<group>";
		};
		24729FDE2465248300A69CC3 /* ViewModels */ = {
			isa = PBXGroup;
			children = (
				24729FB6245C7B1A00A69CC3 /* StatisticsViewModel.swift */,
			);
			path = ViewModels;
			sourceTree = "<group>";
		};
		24A61748244FA248007F92E6 /* CountDown */ = {
			isa = PBXGroup;
			children = (
				24A6174F244FA9F8007F92E6 /* CountdownViewController.swift */,
				24A6174D244FA9CA007F92E6 /* CountdownViewController.xib */,
				24A6175E24521ADD007F92E6 /* Views */,
			);
			path = CountDown;
			sourceTree = "<group>";
		};
		24A6175E24521ADD007F92E6 /* Views */ = {
			isa = PBXGroup;
			children = (
				24A6175A245209A1007F92E6 /* TimerRowView.swift */,
				24A6175C245209AC007F92E6 /* TimerRowView.xib */,
			);
			path = Views;
			sourceTree = "<group>";
		};
		24C632AD24671D8000FC0DFA /* LeaderBoard */ = {
			isa = PBXGroup;
			children = (
				24CFF0892486AB560048BCD8 /* Provider */,
				24C632B7246725FC00FC0DFA /* ViewModels */,
				24C632B224671E7700FC0DFA /* Views */,
			);
			path = LeaderBoard;
			sourceTree = "<group>";
		};
		24C632B224671E7700FC0DFA /* Views */ = {
			isa = PBXGroup;
			children = (
				24C632AE24671E4A00FC0DFA /* LeaderBoardViewController.swift */,
				24C632B024671E6D00FC0DFA /* LeaderBoardViewController.xib */,
				24C632B324671F7D00FC0DFA /* LeaderBoardCell.swift */,
				24C632B524671F8F00FC0DFA /* LeaderBoardCell.xib */,
			);
			path = Views;
			sourceTree = "<group>";
		};
		24C632B7246725FC00FC0DFA /* ViewModels */ = {
			isa = PBXGroup;
			children = (
				24C632B82467261F00FC0DFA /* LeaderBoardViewModel.swift */,
				24D9FB21246828E7006A6F57 /* LeaderBoardConfigurationModel.swift */,
			);
			path = ViewModels;
			sourceTree = "<group>";
		};
		24CFF0892486AB560048BCD8 /* Provider */ = {
			isa = PBXGroup;
			children = (
				24CFF08A2486AB560048BCD8 /* LeaderBoardProvider.swift */,
			);
			path = Provider;
			sourceTree = "<group>";
		};
		70236EEE234BA4B800FCD963 /* Extensions */ = {
			isa = PBXGroup;
			children = (
				70236EFD234BA83E00FCD963 /* UIView+Extension.swift */,
				70236F1A234CD0EF00FCD963 /* UITextField+Extension.swift */,
				0458370D245C9A3C00DC0E1B /* Int+Extension.swift */,
				7AF36DA6245C502300048E2F /* Optional+Extension.swift */,
				7AF36DA8245C504B00048E2F /* UIViewController+Extension.swift */,
				7A6D064F2464BC8D00405665 /* Array+Extension.swift */,
				7A09B4462467475A00A42C58 /* UITextView+Extension.swift */,
				24C632AB2466DF9800FC0DFA /* UIApplication+Extension.swift */,
				7A09B44B2467847500A42C58 /* Double+Extension.swift */,
				0420DA05248BB6BB00FC57F7 /* String+Extension.swift */,
			);
			path = Extensions;
			sourceTree = "<group>";
		};
		70236EFF234CC66A00FCD963 /* Core */ = {
			isa = PBXGroup;
			children = (
				0420DA02248ADAAD00FC57F7 /* LanguageManager */,
				04BE896D2465698F00D39C9E /* KeychainStorage */,
				04BE8949246480CF00D39C9E /* NetworkLayer */,
				7AF36DB3245EDAAF00048E2F /* KeyboardStateObserver */,
				7ACE452A245C45AE0016E080 /* UserDefaultsStorage */,
				70236F08234CC88F00FCD963 /* User */,
				70236F00234CC67400FCD963 /* AsyncResult */,
			);
			path = Core;
			sourceTree = "<group>";
		};
		70236F00234CC67400FCD963 /* AsyncResult */ = {
			isa = PBXGroup;
			children = (
				70236F01234CC68700FCD963 /* AsyncResult.swift */,
			);
			path = AsyncResult;
			sourceTree = "<group>";
		};
		70236F03234CC6FD00FCD963 /* Utility */ = {
			isa = PBXGroup;
			children = (
				70236F04234CC70800FCD963 /* Helper */,
				70236EEE234BA4B800FCD963 /* Extensions */,
			);
			path = Utility;
			sourceTree = "<group>";
		};
		70236F04234CC70800FCD963 /* Helper */ = {
			isa = PBXGroup;
			children = (
				70236F06234CC76700FCD963 /* Reusable.swift */,
			);
			path = Helper;
			sourceTree = "<group>";
		};
		70236F08234CC88F00FCD963 /* User */ = {
			isa = PBXGroup;
			children = (
				70236F09234CC8B500FCD963 /* UserPreference.swift */,
			);
			path = User;
			sourceTree = "<group>";
		};
		70236F0C234CCAAB00FCD963 /* Configuration */ = {
			isa = PBXGroup;
			children = (
				70236F11234CCB1A00FCD963 /* Commands */,
				70236F0D234CCACA00FCD963 /* Command.swift */,
				70236F0F234CCAEA00FCD963 /* CommandsBuilder.swift */,
			);
			path = Configuration;
			sourceTree = "<group>";
		};
		70236F11234CCB1A00FCD963 /* Commands */ = {
			isa = PBXGroup;
			children = (
				70236F14234CCDD000FCD963 /* NavigationBarAppearanceCommand.swift */,
				70236F16234CCE0100FCD963 /* WindowConfigurationCommand.swift */,
				7ACE4528245C457F0016E080 /* InterfaceStyleConfigurationCommand.swift */,
			);
			path = Commands;
			sourceTree = "<group>";
		};
		7A09B44824677B5800A42C58 /* Provider */ = {
			isa = PBXGroup;
			children = (
				7A09B44924677B6600A42C58 /* ResultProvider.swift */,
			);
			path = Provider;
			sourceTree = "<group>";
		};
		7A5498732461DC6200BE4F15 /* PrimaryTextField */ = {
			isa = PBXGroup;
			children = (
				7A5498742461DC9600BE4F15 /* PrimaryTextField.swift */,
			);
			path = PrimaryTextField;
			sourceTree = "<group>";
		};
		7A5498762462158300BE4F15 /* Model */ = {
			isa = PBXGroup;
			children = (
				7A5498772462159600BE4F15 /* ClassicGameModel.swift */,
			);
			path = Model;
			sourceTree = "<group>";
		};
		7A571F1B2465F64000CFCEC7 /* Choice */ = {
			isa = PBXGroup;
			children = (
				04DA41662467034E00C9CF87 /* Provider */,
				7A708C732465E5230047F20D /* ViewModel */,
				7A571F1C2465F86600CFCEC7 /* View */,
			);
			path = Choice;
			sourceTree = "<group>";
		};
		7A571F1C2465F86600CFCEC7 /* View */ = {
			isa = PBXGroup;
			children = (
				7A571F1D2465F89000CFCEC7 /* ChoiceViewController.swift */,
				7A571F1E2465F89000CFCEC7 /* ChoiceViewController.xib */,
			);
			path = View;
			sourceTree = "<group>";
		};
		7A571F2124663C6400CFCEC7 /* Result */ = {
			isa = PBXGroup;
			children = (
				7A09B44824677B5800A42C58 /* Provider */,
				7A571F2224663C7C00CFCEC7 /* View */,
			);
			path = Result;
			sourceTree = "<group>";
		};
		7A571F2224663C7C00CFCEC7 /* View */ = {
			isa = PBXGroup;
			children = (
				7A571F2324663C8900CFCEC7 /* ResultViewController.swift */,
				7A571F2424663C8900CFCEC7 /* ResultViewController.xib */,
			);
			path = View;
			sourceTree = "<group>";
		};
		7A571F282466FA7700CFCEC7 /* Arcade */ = {
			isa = PBXGroup;
			children = (
				7A571F2F246704F800CFCEC7 /* Model */,
				7A571F292466FAB700CFCEC7 /* View */,
			);
			path = Arcade;
			sourceTree = "<group>";
		};
		7A571F292466FAB700CFCEC7 /* View */ = {
			isa = PBXGroup;
			children = (
				7A571F2B2466FACF00CFCEC7 /* ArcadeModeViewController.swift */,
				7A571F2C2466FACF00CFCEC7 /* ArcadeModeViewController.xib */,
			);
			path = View;
			sourceTree = "<group>";
		};
		7A571F2F246704F800CFCEC7 /* Model */ = {
			isa = PBXGroup;
			children = (
				7A571F302467050F00CFCEC7 /* ArcadeGameModel.swift */,
			);
			path = Model;
			sourceTree = "<group>";
		};
		7A6D06512464C09200405665 /* Views */ = {
			isa = PBXGroup;
			children = (
				7A6D06562464C0E200405665 /* GameBarButtonView */,
			);
			path = Views;
			sourceTree = "<group>";
		};
		7A6D06562464C0E200405665 /* GameBarButtonView */ = {
			isa = PBXGroup;
			children = (
				7A6D06522464C0CE00405665 /* GameScoreView.swift */,
				7A6D06542464C0DC00405665 /* GameScoreView.xib */,
			);
			path = GameBarButtonView;
			sourceTree = "<group>";
		};
		7A708C732465E5230047F20D /* ViewModel */ = {
			isa = PBXGroup;
			children = (
				7A708C742465E53C0047F20D /* TitledTextViewModel.swift */,
			);
			path = ViewModel;
			sourceTree = "<group>";
		};
		7A87F32D245F79A40016E4B4 /* View */ = {
			isa = PBXGroup;
			children = (
				7AF36DAB245ED31C00048E2F /* ClassicModeViewController.swift */,
				7AF36DAC245ED31C00048E2F /* ClassicModeViewController.xib */,
			);
			path = View;
			sourceTree = "<group>";
		};
		7AB3D095245C46F1004B9339 /* Model */ = {
			isa = PBXGroup;
			children = (
				7AF36D8F245C479500048E2F /* OnboardingPage.swift */,
			);
			path = Model;
			sourceTree = "<group>";
		};
		7ACE452A245C45AE0016E080 /* UserDefaultsStorage */ = {
			isa = PBXGroup;
			children = (
				0420DA07248BE10A00FC57F7 /* UserDefaultsStorage.swift */,
				7ACE452B245C45C70016E080 /* UserDefaultsBacked.swift */,
			);
			path = UserDefaultsStorage;
			sourceTree = "<group>";
		};
		7AF36D8E245C474700048E2F /* Onboarding */ = {
			isa = PBXGroup;
			children = (
				7AF36D91245C480300048E2F /* Views */,
				7AB3D095245C46F1004B9339 /* Model */,
			);
			name = Onboarding;
			path = ../Application/Configuration/Onboarding;
			sourceTree = "<group>";
		};
		7AF36D91245C480300048E2F /* Views */ = {
			isa = PBXGroup;
			children = (
				7AF36D92245C48AB00048E2F /* OnboardingPageViewController.swift */,
				7AF36D93245C48AB00048E2F /* OnboardingPageViewController.xib */,
				7AF36D96245C491800048E2F /* OnboardingViewController.swift */,
				7AF36D97245C491800048E2F /* OnboardingViewController.xib */,
			);
			path = Views;
			sourceTree = "<group>";
		};
		7AF36D9A245C4A5000048E2F /* ConfigurationView */ = {
			isa = PBXGroup;
			children = (
				7AF36D9D245C4A8C00048E2F /* ConfigurationView.xib */,
				7AF36D9F245C4A9B00048E2F /* ConfigurationView.swift */,
			);
			path = ConfigurationView;
			sourceTree = "<group>";
		};
		7AF36DA1245C4CFE00048E2F /* TitledTextView */ = {
			isa = PBXGroup;
			children = (
				7AF36DA2245C4D1200048E2F /* TitledTextView.swift */,
				7AF36DA4245C4D1D00048E2F /* TitledTextView.xib */,
			);
			path = TitledTextView;
			sourceTree = "<group>";
		};
		7AF36DAA245ED2E400048E2F /* Classic */ = {
			isa = PBXGroup;
			children = (
				7A87F32D245F79A40016E4B4 /* View */,
				7A5498762462158300BE4F15 /* Model */,
			);
			path = Classic;
			sourceTree = "<group>";
		};
		7AF36DAF245ED93400048E2F /* Game */ = {
			isa = PBXGroup;
			children = (
				7A6D06512464C09200405665 /* Views */,
				7AF36DB0245ED94100048E2F /* Models */,
				7AF36DAA245ED2E400048E2F /* Classic */,
				7A571F282466FA7700CFCEC7 /* Arcade */,
			);
			path = Game;
			sourceTree = "<group>";
		};
		7AF36DB0245ED94100048E2F /* Models */ = {
			isa = PBXGroup;
			children = (
				7AF36DB1245ED95100048E2F /* Game.swift */,
				7AA49B6224659FD8005F4364 /* Gaming.swift */,
				7A6D064D2464977F00405665 /* GameType.swift */,
				7AA49B6424659FF2005F4364 /* GameProcessable.swift */,
			);
			path = Models;
			sourceTree = "<group>";
		};
		7AF36DB3245EDAAF00048E2F /* KeyboardStateObserver */ = {
			isa = PBXGroup;
			children = (
				7AF36DB4245EDACA00048E2F /* KeyboardStateObserver.swift */,
			);
			path = KeyboardStateObserver;
			sourceTree = "<group>";
		};
		B0172A00231531F60041EF2E /* Resources */ = {
			isa = PBXGroup;
			children = (
				B0172A23231556DF0041EF2E /* Colors */,
				B0172A15231533C90041EF2E /* Images */,
				B0172A062315335F0041EF2E /* Fonts */,
				B0172A162315345D0041EF2E /* Strings */,
				B0172A01231532120041EF2E /* R.generated.swift */,
			);
			path = Resources;
			sourceTree = "<group>";
		};
		B0172A062315335F0041EF2E /* Fonts */ = {
			isa = PBXGroup;
			children = (
				70236EF0234BA69E00FCD963 /* HelveticaNeue-Light.ttf */,
				70236EF3234BA6D300FCD963 /* HelveticaNeue-Bold.ttf */,
			);
			path = Fonts;
			sourceTree = "<group>";
		};
		B0172A15231533C90041EF2E /* Images */ = {
			isa = PBXGroup;
			children = (
				0D1F8A5A230C5FF500ECE3B4 /* Images.xcassets */,
			);
			path = Images;
			sourceTree = "<group>";
		};
		B0172A162315345D0041EF2E /* Strings */ = {
			isa = PBXGroup;
			children = (
				B0172A1B2315347E0041EF2E /* Localizable.strings */,
			);
			path = Strings;
			sourceTree = "<group>";
		};
		B0172A22231537AA0041EF2E /* Application */ = {
			isa = PBXGroup;
			children = (
				0D1F8A53230C5FF200ECE3B4 /* AppDelegate.swift */,
				B05AEDEA2318F77500CCA98F /* LaunchScreen.storyboard */,
				70236F0C234CCAAB00FCD963 /* Configuration */,
			);
			path = Application;
			sourceTree = "<group>";
		};
		B0172A23231556DF0041EF2E /* Colors */ = {
			isa = PBXGroup;
			children = (
				B0172A24231556EF0041EF2E /* Colors.xcassets */,
			);
			path = Colors;
			sourceTree = "<group>";
		};
		D0C75ED0ACE4C9203FD56A2E /* Frameworks */ = {
			isa = PBXGroup;
			children = (
				C8911543EF91E674FF818AD0 /* Pods_zhazam.framework */,
			);
			name = Frameworks;
			sourceTree = "<group>";
		};
		F2CDC132518C053D1AFA4841 /* Pods */ = {
			isa = PBXGroup;
			children = (
				E341680D7D0FDCD32C0F280A /* Pods-zhazam.debug.xcconfig */,
				A0D3B98F6F39B6FC0063B84C /* Pods-zhazam.release.xcconfig */,
			);
			path = Pods;
			sourceTree = "<group>";
		};
/* End PBXGroup section */

/* Begin PBXNativeTarget section */
		0D1F8A4F230C5FF200ECE3B4 /* zhazam */ = {
			isa = PBXNativeTarget;
			buildConfigurationList = 0D1F8A62230C5FF500ECE3B4 /* Build configuration list for PBXNativeTarget "zhazam" */;
			buildPhases = (
				5456D8712F78CF6C55D0F72B /* [CP] Check Pods Manifest.lock */,
				B01729FF23152FE70041EF2E /* ShellScript */,
				0D1F8A4C230C5FF200ECE3B4 /* Sources */,
				0D1F8A4D230C5FF200ECE3B4 /* Frameworks */,
				0D1F8A4E230C5FF200ECE3B4 /* Resources */,
				0DDE226123112DEF0028B954 /* SwiftLint */,
				710B1BF560B4DDFD735C1369 /* [CP] Embed Pods Frameworks */,
			);
			buildRules = (
			);
			dependencies = (
			);
			name = zhazam;
			productName = zhazam;
			productReference = 0D1F8A50230C5FF200ECE3B4 /* zhazam.app */;
			productType = "com.apple.product-type.application";
		};
/* End PBXNativeTarget section */

/* Begin PBXProject section */
		0D1F8A48230C5FF200ECE3B4 /* Project object */ = {
			isa = PBXProject;
			attributes = {
				LastSwiftUpdateCheck = 1020;
				LastUpgradeCheck = 1020;
				ORGANIZATIONNAME = crococoders;
				TargetAttributes = {
					0D1F8A4F230C5FF200ECE3B4 = {
						CreatedOnToolsVersion = 10.2;
					};
				};
			};
			buildConfigurationList = 0D1F8A4B230C5FF200ECE3B4 /* Build configuration list for PBXProject "zhazam" */;
			compatibilityVersion = "Xcode 9.3";
			developmentRegion = en;
			hasScannedForEncodings = 0;
			knownRegions = (
				en,
				Base,
				ru,
				uk,
			);
			mainGroup = 0D1F8A47230C5FF200ECE3B4;
			productRefGroup = 0D1F8A51230C5FF200ECE3B4 /* Products */;
			projectDirPath = "";
			projectRoot = "";
			targets = (
				0D1F8A4F230C5FF200ECE3B4 /* zhazam */,
			);
		};
/* End PBXProject section */

/* Begin PBXResourcesBuildPhase section */
		0D1F8A4E230C5FF200ECE3B4 /* Resources */ = {
			isa = PBXResourcesBuildPhase;
			buildActionMask = 2147483647;
			files = (
				70236EF4234BA6D300FCD963 /* HelveticaNeue-Bold.ttf in Resources */,
				7AF36D9E245C4A8C00048E2F /* ConfigurationView.xib in Resources */,
				7A571F202465F89000CFCEC7 /* ChoiceViewController.xib in Resources */,
				7A6D06552464C0DC00405665 /* GameScoreView.xib in Resources */,
				B0172A192315347E0041EF2E /* Localizable.strings in Resources */,
				24A6174E244FA9CA007F92E6 /* CountdownViewController.xib in Resources */,
				7AF36D99245C491800048E2F /* OnboardingViewController.xib in Resources */,
				0499A2AD243A024B008C6FAD /* LogoView.xib in Resources */,
				24729FAF245B440900A69CC3 /* StatisticsViewController.xib in Resources */,
				7AF36DAE245ED31C00048E2F /* ClassicModeViewController.xib in Resources */,
				0D1F8A5B230C5FF500ECE3B4 /* Images.xcassets in Resources */,
				04583708245C257C00DC0E1B /* LoadingButtonView.xib in Resources */,
				0499A2AA2439FE69008C6FAD /* MenuViewController.xib in Resources */,
				7A571F2E2466FACF00CFCEC7 /* ArcadeModeViewController.xib in Resources */,
				0DCC8FDF2358D1670047EB90 /* LoadingViewController.xib in Resources */,
				24C632B624671F8F00FC0DFA /* LeaderBoardCell.xib in Resources */,
				24729FB4245B448700A69CC3 /* StatisticsCollectionCell.xib in Resources */,
				7AF36DA5245C4D1D00048E2F /* TitledTextView.xib in Resources */,
				7AF36D95245C48AB00048E2F /* OnboardingPageViewController.xib in Resources */,
				7A571F2624663C8900CFCEC7 /* ResultViewController.xib in Resources */,
				0DCC8FDF2358D1670047EB90 /* LoadingViewController.xib in Resources */,
				24A6175D245209AC007F92E6 /* TimerRowView.xib in Resources */,
				B05AEDEB2318F77500CCA98F /* LaunchScreen.storyboard in Resources */,
				70236EF2234BA69E00FCD963 /* HelveticaNeue-Light.ttf in Resources */,
				0421FC442461E6E90093E23D /* MenuConfigurationView.xib in Resources */,
				24C632B124671E6D00FC0DFA /* LeaderBoardViewController.xib in Resources */,
				B0172A25231556EF0041EF2E /* Colors.xcassets in Resources */,
			);
			runOnlyForDeploymentPostprocessing = 0;
		};
/* End PBXResourcesBuildPhase section */

/* Begin PBXShellScriptBuildPhase section */
		0DDE226123112DEF0028B954 /* SwiftLint */ = {
			isa = PBXShellScriptBuildPhase;
			buildActionMask = 2147483647;
			files = (
			);
			inputFileListPaths = (
			);
			inputPaths = (
			);
			name = SwiftLint;
			outputFileListPaths = (
			);
			outputPaths = (
			);
			runOnlyForDeploymentPostprocessing = 0;
			shellPath = /bin/sh;
			shellScript = "$SRCROOT/setup/XCodeLint.sh\n";
		};
		5456D8712F78CF6C55D0F72B /* [CP] Check Pods Manifest.lock */ = {
			isa = PBXShellScriptBuildPhase;
			buildActionMask = 2147483647;
			files = (
			);
			inputFileListPaths = (
			);
			inputPaths = (
				"${PODS_PODFILE_DIR_PATH}/Podfile.lock",
				"${PODS_ROOT}/Manifest.lock",
			);
			name = "[CP] Check Pods Manifest.lock";
			outputFileListPaths = (
			);
			outputPaths = (
				"$(DERIVED_FILE_DIR)/Pods-zhazam-checkManifestLockResult.txt",
			);
			runOnlyForDeploymentPostprocessing = 0;
			shellPath = /bin/sh;
			shellScript = "diff \"${PODS_PODFILE_DIR_PATH}/Podfile.lock\" \"${PODS_ROOT}/Manifest.lock\" > /dev/null\nif [ $? != 0 ] ; then\n    # print error to STDERR\n    echo \"error: The sandbox is not in sync with the Podfile.lock. Run 'pod install' or update your CocoaPods installation.\" >&2\n    exit 1\nfi\n# This output is used by Xcode 'outputs' to avoid re-running this script phase.\necho \"SUCCESS\" > \"${SCRIPT_OUTPUT_FILE_0}\"\n";
			showEnvVarsInLog = 0;
		};
		710B1BF560B4DDFD735C1369 /* [CP] Embed Pods Frameworks */ = {
			isa = PBXShellScriptBuildPhase;
			buildActionMask = 2147483647;
			files = (
			);
			inputFileListPaths = (
				"${PODS_ROOT}/Target Support Files/Pods-zhazam/Pods-zhazam-frameworks-${CONFIGURATION}-input-files.xcfilelist",
			);
			name = "[CP] Embed Pods Frameworks";
			outputFileListPaths = (
				"${PODS_ROOT}/Target Support Files/Pods-zhazam/Pods-zhazam-frameworks-${CONFIGURATION}-output-files.xcfilelist",
			);
			runOnlyForDeploymentPostprocessing = 0;
			shellPath = /bin/sh;
			shellScript = "\"${PODS_ROOT}/Target Support Files/Pods-zhazam/Pods-zhazam-frameworks.sh\"\n";
			showEnvVarsInLog = 0;
		};
		B01729FF23152FE70041EF2E /* ShellScript */ = {
			isa = PBXShellScriptBuildPhase;
			buildActionMask = 2147483647;
			files = (
			);
			inputFileListPaths = (
			);
			inputPaths = (
				"$TEMP_DIR/rswift-lastrun",
			);
			outputFileListPaths = (
			);
			outputPaths = (
				$SRCROOT/R.generated.swift,
			);
			runOnlyForDeploymentPostprocessing = 0;
			shellPath = /bin/sh;
			shellScript = "\"$PODS_ROOT/R.swift/rswift\" generate \"$SRCROOT/R.generated.swift\"\n";
		};
/* End PBXShellScriptBuildPhase section */

/* Begin PBXSourcesBuildPhase section */
		0D1F8A4C230C5FF200ECE3B4 /* Sources */ = {
			isa = PBXSourcesBuildPhase;
			buildActionMask = 2147483647;
			files = (
				70236F1B234CD0EF00FCD963 /* UITextField+Extension.swift in Sources */,
				7AF36DA7245C502300048E2F /* Optional+Extension.swift in Sources */,
				04DA416A24672FDE00C9CF87 /* Statistics.swift in Sources */,
				7ACE4529245C457F0016E080 /* InterfaceStyleConfigurationCommand.swift in Sources */,
				7AA49B6324659FD8005F4364 /* Gaming.swift in Sources */,
				7AF36D90245C479500048E2F /* OnboardingPage.swift in Sources */,
				7A6D06532464C0CE00405665 /* GameScoreView.swift in Sources */,
				70236F15234CCDD000FCD963 /* NavigationBarAppearanceCommand.swift in Sources */,
				04BE896C24655C2800D39C9E /* KeychainAccess.swift in Sources */,
				24729FB2245B447900A69CC3 /* StatisticsCollectionCell.swift in Sources */,
				24CFF08B2486AB560048BCD8 /* LeaderBoardProvider.swift in Sources */,
				24729FB7245C7B1A00A69CC3 /* StatisticsViewModel.swift in Sources */,
				04DA41682467035F00C9CF87 /* ChoiceProvider.swift in Sources */,
				04BE89482464458000D39C9E /* ConfigurationViewModel.swift in Sources */,
				7AF36D98245C491800048E2F /* OnboardingViewController.swift in Sources */,
				04BE895A246480CF00D39C9E /* ParameterEncoding.swift in Sources */,
				04BE895B246480CF00D39C9E /* URLParameterEncoder.swift in Sources */,
				0421FC422461E6CD0093E23D /* MenuConfigurationView.swift in Sources */,
				70236F02234CC68700FCD963 /* AsyncResult.swift in Sources */,
				7A708C752465E53C0047F20D /* TitledTextViewModel.swift in Sources */,
				70236F10234CCAEA00FCD963 /* CommandsBuilder.swift in Sources */,
				7A09B44C2467847500A42C58 /* Double+Extension.swift in Sources */,
				04BE895F246480CF00D39C9E /* NetworkManager.swift in Sources */,
				04583711245D641200DC0E1B /* LoadingLabel.swift in Sources */,
				70236EFE234BA83E00FCD963 /* UIView+Extension.swift in Sources */,
				70236F0A234CC8B500FCD963 /* UserPreference.swift in Sources */,
				04BE895D246480CF00D39C9E /* NetworkResponse.swift in Sources */,
				7A09B44A24677B6600A42C58 /* ResultProvider.swift in Sources */,
				04BE896A24648C8C00D39C9E /* Handler.swift in Sources */,
				24D9FB22246828E7006A6F57 /* LeaderBoardConfigurationModel.swift in Sources */,
				04DA416C246734DF00C9CF87 /* Status.swift in Sources */,
				7AF36DAD245ED31C00048E2F /* ClassicModeViewController.swift in Sources */,
				04DA41652466F39600C9CF87 /* Username.swift in Sources */,
				04583711245D641200DC0E1B /* LoadingLabel.swift in Sources */,
				70236EFE234BA83E00FCD963 /* UIView+Extension.swift in Sources */,
				70236F0A234CC8B500FCD963 /* UserPreference.swift in Sources */,
				24A61750244FA9F8007F92E6 /* CountdownViewController.swift in Sources */,
				04DA416F2467403E00C9CF87 /* StatisticsProvider.swift in Sources */,
				24729FAD245B43F500A69CC3 /* StatisticsViewController.swift in Sources */,
				70236F0E234CCACA00FCD963 /* Command.swift in Sources */,
				04583706245C255200DC0E1B /* LoadingButtonView.swift in Sources */,
				0458370E245C9A3C00DC0E1B /* Int+Extension.swift in Sources */,
				04BE896824648B3900D39C9E /* EndPoint.swift in Sources */,
				0484560524632E0E00932906 /* MainMenuStorage.swift in Sources */,
				04BE8964246480CF00D39C9E /* Router.swift in Sources */,
				24A61750244FA9F8007F92E6 /* CountdownViewController.swift in Sources */,
				7AA49B6524659FF2005F4364 /* GameProcessable.swift in Sources */,
				7AF36DB5245EDACA00048E2F /* KeyboardStateObserver.swift in Sources */,
				7A571F2524663C8900CFCEC7 /* ResultViewController.swift in Sources */,
				7A6D06502464BC8D00405665 /* Array+Extension.swift in Sources */,
				0484560A24632F2200932906 /* SettingsStorage.swift in Sources */,
				7AF36DA0245C4A9B00048E2F /* ConfigurationView.swift in Sources */,
				7AF36DA9245C504B00048E2F /* UIViewController+Extension.swift in Sources */,
				7A571F2D2466FACF00CFCEC7 /* ArcadeModeViewController.swift in Sources */,
				0499A2A82439FE54008C6FAD /* MenuViewController.swift in Sources */,
				70236F07234CC76700FCD963 /* Reusable.swift in Sources */,
				7A5498752461DC9600BE4F15 /* PrimaryTextField.swift in Sources */,
				7A09B4472467475A00A42C58 /* UITextView+Extension.swift in Sources */,
				7AF36D94245C48AB00048E2F /* OnboardingPageViewController.swift in Sources */,
				0420DA06248BB6BB00FC57F7 /* String+Extension.swift in Sources */,
				7A571F312467050F00CFCEC7 /* ArcadeGameModel.swift in Sources */,
				04BE895E246480CF00D39C9E /* Result.swift in Sources */,
				7A6D064E2464977F00405665 /* GameType.swift in Sources */,
				0D1F8A56230C5FF200ECE3B4 /* LoadingViewController.swift in Sources */,
				7AF36DB2245ED95100048E2F /* Game.swift in Sources */,
				70236F17234CCE0100FCD963 /* WindowConfigurationCommand.swift in Sources */,
				0420DA08248BE10A00FC57F7 /* UserDefaultsStorage.swift in Sources */,
				04BE896F246569C000D39C9E /* TokenGenerator.swift in Sources */,
				24C632B424671F7D00FC0DFA /* LeaderBoardCell.swift in Sources */,
				0484560724632EE400932906 /* GameModesStorage.swift in Sources */,
				04BE895C246480CF00D39C9E /* JSONParameterEncoder.swift in Sources */,
				04218FFE24558752001FF96F /* CategoryViewModel.swift in Sources */,
				04BE8962246480CF00D39C9E /* HTTPTask.swift in Sources */,
				04BE8963246480CF00D39C9E /* HTTPMethod.swift in Sources */,
				0499A2AF243A0257008C6FAD /* LogoView.swift in Sources */,
				7A5498782462159600BE4F15 /* ClassicGameModel.swift in Sources */,
				0420DA04248ADAC800FC57F7 /* LanguageManager.swift in Sources */,
				24C632B92467261F00FC0DFA /* LeaderBoardViewModel.swift in Sources */,
				0D1F8A54230C5FF200ECE3B4 /* AppDelegate.swift in Sources */,
				7A571F1F2465F89000CFCEC7 /* ChoiceViewController.swift in Sources */,
				B0172A02231532120041EF2E /* R.generated.swift in Sources */,
				04DA41632465F3BC00C9CF87 /* GameResult.swift in Sources */,
				7AF36DA3245C4D1200048E2F /* TitledTextView.swift in Sources */,
				7ACE452C245C45C70016E080 /* UserDefaultsBacked.swift in Sources */,
				243556F62483860800A862F5 /* LeaderBoardResult.swift in Sources */,
				7ACE452C245C45C70016E080 /* UserDefaultsBacked.swift in Sources */,
				24C632AC2466DF9800FC0DFA /* UIApplication+Extension.swift in Sources */,
				24A6175B245209A1007F92E6 /* TimerRowView.swift in Sources */,
				04BE8965246480CF00D39C9E /* EndPointType.swift in Sources */,
				24C632AF24671E4A00FC0DFA /* LeaderBoardViewController.swift in Sources */,
				04BE8961246480CF00D39C9E /* NetworkRouter.swift in Sources */,
			);
			runOnlyForDeploymentPostprocessing = 0;
		};
/* End PBXSourcesBuildPhase section */

/* Begin PBXVariantGroup section */
		B0172A1B2315347E0041EF2E /* Localizable.strings */ = {
			isa = PBXVariantGroup;
			children = (
				B0172A1A2315347E0041EF2E /* en */,
				B0172A1E2315350F0041EF2E /* ru */,
				B0172A212315351C0041EF2E /* uk */,
			);
			name = Localizable.strings;
			sourceTree = "<group>";
		};
/* End PBXVariantGroup section */

/* Begin XCBuildConfiguration section */
		0D1F8A60230C5FF500ECE3B4 /* Debug */ = {
			isa = XCBuildConfiguration;
			buildSettings = {
				ALWAYS_SEARCH_USER_PATHS = NO;
				CLANG_ANALYZER_LOCALIZABILITY_NONLOCALIZED = YES;
				CLANG_ANALYZER_NONNULL = YES;
				CLANG_ANALYZER_NUMBER_OBJECT_CONVERSION = YES_AGGRESSIVE;
				CLANG_CXX_LANGUAGE_STANDARD = "gnu++14";
				CLANG_CXX_LIBRARY = "libc++";
				CLANG_ENABLE_MODULES = YES;
				CLANG_ENABLE_OBJC_ARC = YES;
				CLANG_ENABLE_OBJC_WEAK = YES;
				CLANG_WARN_BLOCK_CAPTURE_AUTORELEASING = YES;
				CLANG_WARN_BOOL_CONVERSION = YES;
				CLANG_WARN_COMMA = YES;
				CLANG_WARN_CONSTANT_CONVERSION = YES;
				CLANG_WARN_DEPRECATED_OBJC_IMPLEMENTATIONS = YES;
				CLANG_WARN_DIRECT_OBJC_ISA_USAGE = YES_ERROR;
				CLANG_WARN_DOCUMENTATION_COMMENTS = YES;
				CLANG_WARN_EMPTY_BODY = YES;
				CLANG_WARN_ENUM_CONVERSION = YES;
				CLANG_WARN_INFINITE_RECURSION = YES;
				CLANG_WARN_INT_CONVERSION = YES;
				CLANG_WARN_NON_LITERAL_NULL_CONVERSION = YES;
				CLANG_WARN_OBJC_IMPLICIT_RETAIN_SELF = YES;
				CLANG_WARN_OBJC_LITERAL_CONVERSION = YES;
				CLANG_WARN_OBJC_ROOT_CLASS = YES_ERROR;
				CLANG_WARN_RANGE_LOOP_ANALYSIS = YES;
				CLANG_WARN_STRICT_PROTOTYPES = YES;
				CLANG_WARN_SUSPICIOUS_MOVE = YES;
				CLANG_WARN_UNGUARDED_AVAILABILITY = YES_AGGRESSIVE;
				CLANG_WARN_UNREACHABLE_CODE = YES;
				CLANG_WARN__DUPLICATE_METHOD_MATCH = YES;
				CODE_SIGN_IDENTITY = "iPhone Developer";
				COPY_PHASE_STRIP = NO;
				DEBUG_INFORMATION_FORMAT = dwarf;
				ENABLE_STRICT_OBJC_MSGSEND = YES;
				ENABLE_TESTABILITY = YES;
				GCC_C_LANGUAGE_STANDARD = gnu11;
				GCC_DYNAMIC_NO_PIC = NO;
				GCC_NO_COMMON_BLOCKS = YES;
				GCC_OPTIMIZATION_LEVEL = 0;
				GCC_PREPROCESSOR_DEFINITIONS = (
					"DEBUG=1",
					"$(inherited)",
				);
				GCC_WARN_64_TO_32_BIT_CONVERSION = YES;
				GCC_WARN_ABOUT_RETURN_TYPE = YES_ERROR;
				GCC_WARN_UNDECLARED_SELECTOR = YES;
				GCC_WARN_UNINITIALIZED_AUTOS = YES_AGGRESSIVE;
				GCC_WARN_UNUSED_FUNCTION = YES;
				GCC_WARN_UNUSED_VARIABLE = YES;
				IPHONEOS_DEPLOYMENT_TARGET = 12.2;
				MTL_ENABLE_DEBUG_INFO = INCLUDE_SOURCE;
				MTL_FAST_MATH = YES;
				ONLY_ACTIVE_ARCH = YES;
				SDKROOT = iphoneos;
				SWIFT_ACTIVE_COMPILATION_CONDITIONS = DEBUG;
				SWIFT_OPTIMIZATION_LEVEL = "-Onone";
			};
			name = Debug;
		};
		0D1F8A61230C5FF500ECE3B4 /* Release */ = {
			isa = XCBuildConfiguration;
			buildSettings = {
				ALWAYS_SEARCH_USER_PATHS = NO;
				CLANG_ANALYZER_LOCALIZABILITY_NONLOCALIZED = YES;
				CLANG_ANALYZER_NONNULL = YES;
				CLANG_ANALYZER_NUMBER_OBJECT_CONVERSION = YES_AGGRESSIVE;
				CLANG_CXX_LANGUAGE_STANDARD = "gnu++14";
				CLANG_CXX_LIBRARY = "libc++";
				CLANG_ENABLE_MODULES = YES;
				CLANG_ENABLE_OBJC_ARC = YES;
				CLANG_ENABLE_OBJC_WEAK = YES;
				CLANG_WARN_BLOCK_CAPTURE_AUTORELEASING = YES;
				CLANG_WARN_BOOL_CONVERSION = YES;
				CLANG_WARN_COMMA = YES;
				CLANG_WARN_CONSTANT_CONVERSION = YES;
				CLANG_WARN_DEPRECATED_OBJC_IMPLEMENTATIONS = YES;
				CLANG_WARN_DIRECT_OBJC_ISA_USAGE = YES_ERROR;
				CLANG_WARN_DOCUMENTATION_COMMENTS = YES;
				CLANG_WARN_EMPTY_BODY = YES;
				CLANG_WARN_ENUM_CONVERSION = YES;
				CLANG_WARN_INFINITE_RECURSION = YES;
				CLANG_WARN_INT_CONVERSION = YES;
				CLANG_WARN_NON_LITERAL_NULL_CONVERSION = YES;
				CLANG_WARN_OBJC_IMPLICIT_RETAIN_SELF = YES;
				CLANG_WARN_OBJC_LITERAL_CONVERSION = YES;
				CLANG_WARN_OBJC_ROOT_CLASS = YES_ERROR;
				CLANG_WARN_RANGE_LOOP_ANALYSIS = YES;
				CLANG_WARN_STRICT_PROTOTYPES = YES;
				CLANG_WARN_SUSPICIOUS_MOVE = YES;
				CLANG_WARN_UNGUARDED_AVAILABILITY = YES_AGGRESSIVE;
				CLANG_WARN_UNREACHABLE_CODE = YES;
				CLANG_WARN__DUPLICATE_METHOD_MATCH = YES;
				CODE_SIGN_IDENTITY = "iPhone Developer";
				COPY_PHASE_STRIP = NO;
				DEBUG_INFORMATION_FORMAT = "dwarf-with-dsym";
				ENABLE_NS_ASSERTIONS = NO;
				ENABLE_STRICT_OBJC_MSGSEND = YES;
				GCC_C_LANGUAGE_STANDARD = gnu11;
				GCC_NO_COMMON_BLOCKS = YES;
				GCC_WARN_64_TO_32_BIT_CONVERSION = YES;
				GCC_WARN_ABOUT_RETURN_TYPE = YES_ERROR;
				GCC_WARN_UNDECLARED_SELECTOR = YES;
				GCC_WARN_UNINITIALIZED_AUTOS = YES_AGGRESSIVE;
				GCC_WARN_UNUSED_FUNCTION = YES;
				GCC_WARN_UNUSED_VARIABLE = YES;
				IPHONEOS_DEPLOYMENT_TARGET = 12.2;
				MTL_ENABLE_DEBUG_INFO = NO;
				MTL_FAST_MATH = YES;
				SDKROOT = iphoneos;
				SWIFT_COMPILATION_MODE = wholemodule;
				SWIFT_OPTIMIZATION_LEVEL = "-O";
				VALIDATE_PRODUCT = YES;
			};
			name = Release;
		};
		0D1F8A63230C5FF500ECE3B4 /* Debug */ = {
			isa = XCBuildConfiguration;
			baseConfigurationReference = E341680D7D0FDCD32C0F280A /* Pods-zhazam.debug.xcconfig */;
			buildSettings = {
				ASSETCATALOG_COMPILER_APPICON_NAME = AppIcon;
				CODE_SIGN_IDENTITY = "Apple Development";
				CODE_SIGN_STYLE = Automatic;
				DEVELOPMENT_TEAM = "";
				INFOPLIST_FILE = zhazam/Info.plist;
				IPHONEOS_DEPLOYMENT_TARGET = 11.0;
				LD_RUNPATH_SEARCH_PATHS = (
					"$(inherited)",
					"@executable_path/Frameworks",
				);
				PRODUCT_BUNDLE_IDENTIFIER = crococoders.zhazam;
				PRODUCT_NAME = "$(TARGET_NAME)";
				PROVISIONING_PROFILE_SPECIFIER = "";
				SWIFT_VERSION = 5.0;
				TARGETED_DEVICE_FAMILY = "1,2";
			};
			name = Debug;
		};
		0D1F8A64230C5FF500ECE3B4 /* Release */ = {
			isa = XCBuildConfiguration;
			baseConfigurationReference = A0D3B98F6F39B6FC0063B84C /* Pods-zhazam.release.xcconfig */;
			buildSettings = {
				ASSETCATALOG_COMPILER_APPICON_NAME = AppIcon;
				CODE_SIGN_STYLE = Automatic;
				DEVELOPMENT_TEAM = "";
				INFOPLIST_FILE = zhazam/Info.plist;
				IPHONEOS_DEPLOYMENT_TARGET = 11.0;
				LD_RUNPATH_SEARCH_PATHS = (
					"$(inherited)",
					"@executable_path/Frameworks",
				);
				PRODUCT_BUNDLE_IDENTIFIER = crococoders.zhazam;
				PRODUCT_NAME = "$(TARGET_NAME)";
				SWIFT_VERSION = 5.0;
				TARGETED_DEVICE_FAMILY = "1,2";
			};
			name = Release;
		};
/* End XCBuildConfiguration section */

/* Begin XCConfigurationList section */
		0D1F8A4B230C5FF200ECE3B4 /* Build configuration list for PBXProject "zhazam" */ = {
			isa = XCConfigurationList;
			buildConfigurations = (
				0D1F8A60230C5FF500ECE3B4 /* Debug */,
				0D1F8A61230C5FF500ECE3B4 /* Release */,
			);
			defaultConfigurationIsVisible = 0;
			defaultConfigurationName = Release;
		};
		0D1F8A62230C5FF500ECE3B4 /* Build configuration list for PBXNativeTarget "zhazam" */ = {
			isa = XCConfigurationList;
			buildConfigurations = (
				0D1F8A63230C5FF500ECE3B4 /* Debug */,
				0D1F8A64230C5FF500ECE3B4 /* Release */,
			);
			defaultConfigurationIsVisible = 0;
			defaultConfigurationName = Release;
		};
/* End XCConfigurationList section */
	};
	rootObject = 0D1F8A48230C5FF200ECE3B4 /* Project object */;
}
