// !$*UTF8*$!
{
	archiveVersion = 1;
	classes = {
	};
	objectVersion = 51;
	objects = {

/* Begin PBXBuildFile section */
		0499A2A82439FE54008C6FAD /* MenuViewController.swift in Sources */ = {isa = PBXBuildFile; fileRef = 0499A2A72439FE54008C6FAD /* MenuViewController.swift */; };
		0499A2AA2439FE69008C6FAD /* MenuViewController.xib in Resources */ = {isa = PBXBuildFile; fileRef = 0499A2A92439FE68008C6FAD /* MenuViewController.xib */; };
		0499A2AD243A024B008C6FAD /* LogoView.xib in Resources */ = {isa = PBXBuildFile; fileRef = 0499A2AC243A024B008C6FAD /* LogoView.xib */; };
		0499A2AF243A0257008C6FAD /* LogoView.swift in Sources */ = {isa = PBXBuildFile; fileRef = 0499A2AE243A0257008C6FAD /* LogoView.swift */; };
		0D1F8A54230C5FF200ECE3B4 /* AppDelegate.swift in Sources */ = {isa = PBXBuildFile; fileRef = 0D1F8A53230C5FF200ECE3B4 /* AppDelegate.swift */; };
		0D1F8A56230C5FF200ECE3B4 /* LoadingViewController.swift in Sources */ = {isa = PBXBuildFile; fileRef = 0D1F8A55230C5FF200ECE3B4 /* LoadingViewController.swift */; };
		0D1F8A5B230C5FF500ECE3B4 /* Images.xcassets in Resources */ = {isa = PBXBuildFile; fileRef = 0D1F8A5A230C5FF500ECE3B4 /* Images.xcassets */; };
		0DCC8FDF2358D1670047EB90 /* LoadingViewController.xib in Resources */ = {isa = PBXBuildFile; fileRef = 0DCC8FDE2358D1670047EB90 /* LoadingViewController.xib */; };
		24729FAD245B43F500A69CC3 /* StatisticsViewController.swift in Sources */ = {isa = PBXBuildFile; fileRef = 24729FAC245B43F500A69CC3 /* StatisticsViewController.swift */; };
		24729FAF245B440900A69CC3 /* StatisticsViewController.xib in Resources */ = {isa = PBXBuildFile; fileRef = 24729FAE245B440900A69CC3 /* StatisticsViewController.xib */; };
		24729FB2245B447900A69CC3 /* StatisticsCollectionCell.swift in Sources */ = {isa = PBXBuildFile; fileRef = 24729FB1245B447900A69CC3 /* StatisticsCollectionCell.swift */; };
		24729FB4245B448700A69CC3 /* StatisticsCollectionCell.xib in Resources */ = {isa = PBXBuildFile; fileRef = 24729FB3245B448700A69CC3 /* StatisticsCollectionCell.xib */; };
		24729FB7245C7B1A00A69CC3 /* StatisticsRowModel.swift in Sources */ = {isa = PBXBuildFile; fileRef = 24729FB6245C7B1A00A69CC3 /* StatisticsRowModel.swift */; };
		24A6174E244FA9CA007F92E6 /* CountdownViewController.xib in Resources */ = {isa = PBXBuildFile; fileRef = 24A6174D244FA9CA007F92E6 /* CountdownViewController.xib */; };
		24A61750244FA9F8007F92E6 /* CountdownViewController.swift in Sources */ = {isa = PBXBuildFile; fileRef = 24A6174F244FA9F8007F92E6 /* CountdownViewController.swift */; };
		24A6175B245209A1007F92E6 /* TimerRowView.swift in Sources */ = {isa = PBXBuildFile; fileRef = 24A6175A245209A1007F92E6 /* TimerRowView.swift */; };
		24A6175D245209AC007F92E6 /* TimerRowView.xib in Resources */ = {isa = PBXBuildFile; fileRef = 24A6175C245209AC007F92E6 /* TimerRowView.xib */; };
		70236EF2234BA69E00FCD963 /* HelveticaNeue-Light.ttf in Resources */ = {isa = PBXBuildFile; fileRef = 70236EF0234BA69E00FCD963 /* HelveticaNeue-Light.ttf */; };
		70236EF4234BA6D300FCD963 /* HelveticaNeue-Bold.ttf in Resources */ = {isa = PBXBuildFile; fileRef = 70236EF3234BA6D300FCD963 /* HelveticaNeue-Bold.ttf */; };
		70236EFE234BA83E00FCD963 /* UIView+Extension.swift in Sources */ = {isa = PBXBuildFile; fileRef = 70236EFD234BA83E00FCD963 /* UIView+Extension.swift */; };
		70236F02234CC68700FCD963 /* AsyncResult.swift in Sources */ = {isa = PBXBuildFile; fileRef = 70236F01234CC68700FCD963 /* AsyncResult.swift */; };
		70236F07234CC76700FCD963 /* Reusable.swift in Sources */ = {isa = PBXBuildFile; fileRef = 70236F06234CC76700FCD963 /* Reusable.swift */; };
		70236F0A234CC8B500FCD963 /* UserPreference.swift in Sources */ = {isa = PBXBuildFile; fileRef = 70236F09234CC8B500FCD963 /* UserPreference.swift */; };
		70236F0E234CCACA00FCD963 /* Command.swift in Sources */ = {isa = PBXBuildFile; fileRef = 70236F0D234CCACA00FCD963 /* Command.swift */; };
		70236F10234CCAEA00FCD963 /* CommandsBuilder.swift in Sources */ = {isa = PBXBuildFile; fileRef = 70236F0F234CCAEA00FCD963 /* CommandsBuilder.swift */; };
		70236F15234CCDD000FCD963 /* NavigationBarAppearanceCommand.swift in Sources */ = {isa = PBXBuildFile; fileRef = 70236F14234CCDD000FCD963 /* NavigationBarAppearanceCommand.swift */; };
		70236F17234CCE0100FCD963 /* WindowConfigurationCommand.swift in Sources */ = {isa = PBXBuildFile; fileRef = 70236F16234CCE0100FCD963 /* WindowConfigurationCommand.swift */; };
		70236F1B234CD0EF00FCD963 /* UITextField+Extension.swift in Sources */ = {isa = PBXBuildFile; fileRef = 70236F1A234CD0EF00FCD963 /* UITextField+Extension.swift */; };
		B0172A02231532120041EF2E /* R.generated.swift in Sources */ = {isa = PBXBuildFile; fileRef = B0172A01231532120041EF2E /* R.generated.swift */; };
		B0172A192315347E0041EF2E /* Localizable.strings in Resources */ = {isa = PBXBuildFile; fileRef = B0172A1B2315347E0041EF2E /* Localizable.strings */; };
		B0172A25231556EF0041EF2E /* Colors.xcassets in Resources */ = {isa = PBXBuildFile; fileRef = B0172A24231556EF0041EF2E /* Colors.xcassets */; };
		B05AEDEB2318F77500CCA98F /* LaunchScreen.storyboard in Resources */ = {isa = PBXBuildFile; fileRef = B05AEDEA2318F77500CCA98F /* LaunchScreen.storyboard */; };
		E1633C00D0C5FAEBFF4DDDEF /* Pods_zhazam.framework in Frameworks */ = {isa = PBXBuildFile; fileRef = C8911543EF91E674FF818AD0 /* Pods_zhazam.framework */; };
/* End PBXBuildFile section */

/* Begin PBXFileReference section */
		0499A2A72439FE54008C6FAD /* MenuViewController.swift */ = {isa = PBXFileReference; lastKnownFileType = sourcecode.swift; path = MenuViewController.swift; sourceTree = "<group>"; };
		0499A2A92439FE68008C6FAD /* MenuViewController.xib */ = {isa = PBXFileReference; lastKnownFileType = file.xib; path = MenuViewController.xib; sourceTree = "<group>"; };
		0499A2AC243A024B008C6FAD /* LogoView.xib */ = {isa = PBXFileReference; lastKnownFileType = file.xib; path = LogoView.xib; sourceTree = "<group>"; };
		0499A2AE243A0257008C6FAD /* LogoView.swift */ = {isa = PBXFileReference; lastKnownFileType = sourcecode.swift; path = LogoView.swift; sourceTree = "<group>"; };
		0D1F8A50230C5FF200ECE3B4 /* zhazam.app */ = {isa = PBXFileReference; explicitFileType = wrapper.application; includeInIndex = 0; path = zhazam.app; sourceTree = BUILT_PRODUCTS_DIR; };
		0D1F8A53230C5FF200ECE3B4 /* AppDelegate.swift */ = {isa = PBXFileReference; lastKnownFileType = sourcecode.swift; path = AppDelegate.swift; sourceTree = "<group>"; };
		0D1F8A55230C5FF200ECE3B4 /* LoadingViewController.swift */ = {isa = PBXFileReference; lastKnownFileType = sourcecode.swift; path = LoadingViewController.swift; sourceTree = "<group>"; };
		0D1F8A5A230C5FF500ECE3B4 /* Images.xcassets */ = {isa = PBXFileReference; lastKnownFileType = folder.assetcatalog; path = Images.xcassets; sourceTree = "<group>"; };
		0D1F8A5F230C5FF500ECE3B4 /* Info.plist */ = {isa = PBXFileReference; lastKnownFileType = text.plist.xml; path = Info.plist; sourceTree = "<group>"; };
		0DCC8FDE2358D1670047EB90 /* LoadingViewController.xib */ = {isa = PBXFileReference; lastKnownFileType = file.xib; path = LoadingViewController.xib; sourceTree = "<group>"; };
		24729FAC245B43F500A69CC3 /* StatisticsViewController.swift */ = {isa = PBXFileReference; lastKnownFileType = sourcecode.swift; path = StatisticsViewController.swift; sourceTree = "<group>"; };
		24729FAE245B440900A69CC3 /* StatisticsViewController.xib */ = {isa = PBXFileReference; lastKnownFileType = file.xib; path = StatisticsViewController.xib; sourceTree = "<group>"; };
		24729FB1245B447900A69CC3 /* StatisticsCollectionCell.swift */ = {isa = PBXFileReference; lastKnownFileType = sourcecode.swift; path = StatisticsCollectionCell.swift; sourceTree = "<group>"; };
		24729FB3245B448700A69CC3 /* StatisticsCollectionCell.xib */ = {isa = PBXFileReference; lastKnownFileType = file.xib; path = StatisticsCollectionCell.xib; sourceTree = "<group>"; };
		24729FB6245C7B1A00A69CC3 /* StatisticsRowModel.swift */ = {isa = PBXFileReference; lastKnownFileType = sourcecode.swift; path = StatisticsRowModel.swift; sourceTree = "<group>"; };
		24A6174D244FA9CA007F92E6 /* CountdownViewController.xib */ = {isa = PBXFileReference; lastKnownFileType = file.xib; path = CountdownViewController.xib; sourceTree = "<group>"; };
		24A6174F244FA9F8007F92E6 /* CountdownViewController.swift */ = {isa = PBXFileReference; lastKnownFileType = sourcecode.swift; path = CountdownViewController.swift; sourceTree = "<group>"; };
		24A6175A245209A1007F92E6 /* TimerRowView.swift */ = {isa = PBXFileReference; lastKnownFileType = sourcecode.swift; path = TimerRowView.swift; sourceTree = "<group>"; };
		24A6175C245209AC007F92E6 /* TimerRowView.xib */ = {isa = PBXFileReference; lastKnownFileType = file.xib; path = TimerRowView.xib; sourceTree = "<group>"; };
		70236EF0234BA69E00FCD963 /* HelveticaNeue-Light.ttf */ = {isa = PBXFileReference; lastKnownFileType = file; path = "HelveticaNeue-Light.ttf"; sourceTree = "<group>"; };
		70236EF3234BA6D300FCD963 /* HelveticaNeue-Bold.ttf */ = {isa = PBXFileReference; lastKnownFileType = file; path = "HelveticaNeue-Bold.ttf"; sourceTree = "<group>"; };
		70236EFD234BA83E00FCD963 /* UIView+Extension.swift */ = {isa = PBXFileReference; lastKnownFileType = sourcecode.swift; path = "UIView+Extension.swift"; sourceTree = "<group>"; };
		70236F01234CC68700FCD963 /* AsyncResult.swift */ = {isa = PBXFileReference; lastKnownFileType = sourcecode.swift; path = AsyncResult.swift; sourceTree = "<group>"; };
		70236F06234CC76700FCD963 /* Reusable.swift */ = {isa = PBXFileReference; lastKnownFileType = sourcecode.swift; path = Reusable.swift; sourceTree = "<group>"; };
		70236F09234CC8B500FCD963 /* UserPreference.swift */ = {isa = PBXFileReference; lastKnownFileType = sourcecode.swift; path = UserPreference.swift; sourceTree = "<group>"; };
		70236F0D234CCACA00FCD963 /* Command.swift */ = {isa = PBXFileReference; lastKnownFileType = sourcecode.swift; path = Command.swift; sourceTree = "<group>"; };
		70236F0F234CCAEA00FCD963 /* CommandsBuilder.swift */ = {isa = PBXFileReference; lastKnownFileType = sourcecode.swift; path = CommandsBuilder.swift; sourceTree = "<group>"; };
		70236F14234CCDD000FCD963 /* NavigationBarAppearanceCommand.swift */ = {isa = PBXFileReference; lastKnownFileType = sourcecode.swift; path = NavigationBarAppearanceCommand.swift; sourceTree = "<group>"; };
		70236F16234CCE0100FCD963 /* WindowConfigurationCommand.swift */ = {isa = PBXFileReference; lastKnownFileType = sourcecode.swift; path = WindowConfigurationCommand.swift; sourceTree = "<group>"; };
		70236F1A234CD0EF00FCD963 /* UITextField+Extension.swift */ = {isa = PBXFileReference; lastKnownFileType = sourcecode.swift; path = "UITextField+Extension.swift"; sourceTree = "<group>"; };
		A0D3B98F6F39B6FC0063B84C /* Pods-zhazam.release.xcconfig */ = {isa = PBXFileReference; includeInIndex = 1; lastKnownFileType = text.xcconfig; name = "Pods-zhazam.release.xcconfig"; path = "Target Support Files/Pods-zhazam/Pods-zhazam.release.xcconfig"; sourceTree = "<group>"; };
		B0172A01231532120041EF2E /* R.generated.swift */ = {isa = PBXFileReference; fileEncoding = 4; lastKnownFileType = sourcecode.swift; path = R.generated.swift; sourceTree = SOURCE_ROOT; };
		B0172A1A2315347E0041EF2E /* en */ = {isa = PBXFileReference; lastKnownFileType = text.plist.strings; name = en; path = en.lproj/Localizable.strings; sourceTree = "<group>"; };
		B0172A1E2315350F0041EF2E /* ru */ = {isa = PBXFileReference; lastKnownFileType = text.plist.strings; name = ru; path = ru.lproj/Localizable.strings; sourceTree = "<group>"; };
		B0172A212315351C0041EF2E /* uk */ = {isa = PBXFileReference; lastKnownFileType = text.plist.strings; name = uk; path = uk.lproj/Localizable.strings; sourceTree = "<group>"; };
		B0172A24231556EF0041EF2E /* Colors.xcassets */ = {isa = PBXFileReference; lastKnownFileType = folder.assetcatalog; path = Colors.xcassets; sourceTree = "<group>"; };
		B05AEDEA2318F77500CCA98F /* LaunchScreen.storyboard */ = {isa = PBXFileReference; fileEncoding = 4; lastKnownFileType = file.storyboard; path = LaunchScreen.storyboard; sourceTree = "<group>"; };
		C8911543EF91E674FF818AD0 /* Pods_zhazam.framework */ = {isa = PBXFileReference; explicitFileType = wrapper.framework; includeInIndex = 0; path = Pods_zhazam.framework; sourceTree = BUILT_PRODUCTS_DIR; };
		E341680D7D0FDCD32C0F280A /* Pods-zhazam.debug.xcconfig */ = {isa = PBXFileReference; includeInIndex = 1; lastKnownFileType = text.xcconfig; name = "Pods-zhazam.debug.xcconfig"; path = "Target Support Files/Pods-zhazam/Pods-zhazam.debug.xcconfig"; sourceTree = "<group>"; };
/* End PBXFileReference section */

/* Begin PBXFrameworksBuildPhase section */
		0D1F8A4D230C5FF200ECE3B4 /* Frameworks */ = {
			isa = PBXFrameworksBuildPhase;
			buildActionMask = 2147483647;
			files = (
				E1633C00D0C5FAEBFF4DDDEF /* Pods_zhazam.framework in Frameworks */,
			);
			runOnlyForDeploymentPostprocessing = 0;
		};
/* End PBXFrameworksBuildPhase section */

/* Begin PBXGroup section */
		0499A2A62439FE0A008C6FAD /* Menu */ = {
			isa = PBXGroup;
			children = (
				0499A2A72439FE54008C6FAD /* MenuViewController.swift */,
				0499A2A92439FE68008C6FAD /* MenuViewController.xib */,
			);
			path = Menu;
			sourceTree = "<group>";
		};
		0499A2AB243A0050008C6FAD /* Views */ = {
			isa = PBXGroup;
			children = (
				0499A2B0243A0B43008C6FAD /* Logo */,
			);
			path = Views;
			sourceTree = "<group>";
		};
		0499A2B0243A0B43008C6FAD /* Logo */ = {
			isa = PBXGroup;
			children = (
				0499A2AC243A024B008C6FAD /* LogoView.xib */,
				0499A2AE243A0257008C6FAD /* LogoView.swift */,
			);
			path = Logo;
			sourceTree = "<group>";
		};
		0D1F8A47230C5FF200ECE3B4 = {
			isa = PBXGroup;
			children = (
				0D1F8A52230C5FF200ECE3B4 /* zhazam */,
				0D1F8A51230C5FF200ECE3B4 /* Products */,
				F2CDC132518C053D1AFA4841 /* Pods */,
				D0C75ED0ACE4C9203FD56A2E /* Frameworks */,
			);
			sourceTree = "<group>";
		};
		0D1F8A51230C5FF200ECE3B4 /* Products */ = {
			isa = PBXGroup;
			children = (
				0D1F8A50230C5FF200ECE3B4 /* zhazam.app */,
			);
			name = Products;
			sourceTree = "<group>";
		};
		0D1F8A52230C5FF200ECE3B4 /* zhazam */ = {
			isa = PBXGroup;
			children = (
				B0172A22231537AA0041EF2E /* Application */,
				0DCC8FDC2358D13B0047EB90 /* Modules */,
				70236EFF234CC66A00FCD963 /* Core */,
				70236F03234CC6FD00FCD963 /* Utility */,
				B0172A00231531F60041EF2E /* Resources */,
				0D1F8A5F230C5FF500ECE3B4 /* Info.plist */,
			);
			path = zhazam;
			sourceTree = "<group>";
		};
		0DCC8FDC2358D13B0047EB90 /* Modules */ = {
			isa = PBXGroup;
			children = (
				0499A2AB243A0050008C6FAD /* Views */,
				0499A2A62439FE0A008C6FAD /* Menu */,
				0DCC8FDD2358D14F0047EB90 /* Loading */,
				24A61748244FA248007F92E6 /* CountDown */,
				24729FAB245B43C500A69CC3 /* Statistics */,
			);
			path = Modules;
			sourceTree = "<group>";
		};
		0DCC8FDD2358D14F0047EB90 /* Loading */ = {
			isa = PBXGroup;
			children = (
				0D1F8A55230C5FF200ECE3B4 /* LoadingViewController.swift */,
				0DCC8FDE2358D1670047EB90 /* LoadingViewController.xib */,
			);
			path = Loading;
			sourceTree = "<group>";
		};
		24729FAB245B43C500A69CC3 /* Statistics */ = {
			isa = PBXGroup;
			children = (
				24729FAC245B43F500A69CC3 /* StatisticsViewController.swift */,
				24729FAE245B440900A69CC3 /* StatisticsViewController.xib */,
				24729FB0245B443600A69CC3 /* Views */,
			);
			path = Statistics;
			sourceTree = "<group>";
		};
		24729FB0245B443600A69CC3 /* Views */ = {
			isa = PBXGroup;
			children = (
				24729FB1245B447900A69CC3 /* StatisticsCollectionCell.swift */,
				24729FB6245C7B1A00A69CC3 /* StatisticsRowModel.swift */,
				24729FB3245B448700A69CC3 /* StatisticsCollectionCell.xib */,
			);
			path = Views;
			sourceTree = "<group>";
		};
		24A61748244FA248007F92E6 /* CountDown */ = {
			isa = PBXGroup;
			children = (
				24A6174F244FA9F8007F92E6 /* CountdownViewController.swift */,
				24A6174D244FA9CA007F92E6 /* CountdownViewController.xib */,
				24A6175E24521ADD007F92E6 /* Views */,
			);
			path = CountDown;
			sourceTree = "<group>";
		};
		24A6175E24521ADD007F92E6 /* Views */ = {
			isa = PBXGroup;
			children = (
				24A6175A245209A1007F92E6 /* TimerRowView.swift */,
				24A6175C245209AC007F92E6 /* TimerRowView.xib */,
			);
			path = Views;
			sourceTree = "<group>";
		};
		70236EEE234BA4B800FCD963 /* Extensions */ = {
			isa = PBXGroup;
			children = (
				70236EFD234BA83E00FCD963 /* UIView+Extension.swift */,
				70236F1A234CD0EF00FCD963 /* UITextField+Extension.swift */,
			);
			path = Extensions;
			sourceTree = "<group>";
		};
		70236EFF234CC66A00FCD963 /* Core */ = {
			isa = PBXGroup;
			children = (
				70236F08234CC88F00FCD963 /* User */,
				70236F00234CC67400FCD963 /* AsyncResult */,
			);
			path = Core;
			sourceTree = "<group>";
		};
		70236F00234CC67400FCD963 /* AsyncResult */ = {
			isa = PBXGroup;
			children = (
				70236F01234CC68700FCD963 /* AsyncResult.swift */,
			);
			path = AsyncResult;
			sourceTree = "<group>";
		};
		70236F03234CC6FD00FCD963 /* Utility */ = {
			isa = PBXGroup;
			children = (
				70236F04234CC70800FCD963 /* Helper */,
				70236EEE234BA4B800FCD963 /* Extensions */,
			);
			path = Utility;
			sourceTree = "<group>";
		};
		70236F04234CC70800FCD963 /* Helper */ = {
			isa = PBXGroup;
			children = (
				70236F06234CC76700FCD963 /* Reusable.swift */,
			);
			path = Helper;
			sourceTree = "<group>";
		};
		70236F08234CC88F00FCD963 /* User */ = {
			isa = PBXGroup;
			children = (
				70236F09234CC8B500FCD963 /* UserPreference.swift */,
			);
			path = User;
			sourceTree = "<group>";
		};
		70236F0C234CCAAB00FCD963 /* Configuration */ = {
			isa = PBXGroup;
			children = (
				70236F11234CCB1A00FCD963 /* Commands */,
				70236F0D234CCACA00FCD963 /* Command.swift */,
				70236F0F234CCAEA00FCD963 /* CommandsBuilder.swift */,
			);
			path = Configuration;
			sourceTree = "<group>";
		};
		70236F11234CCB1A00FCD963 /* Commands */ = {
			isa = PBXGroup;
			children = (
				70236F14234CCDD000FCD963 /* NavigationBarAppearanceCommand.swift */,
				70236F16234CCE0100FCD963 /* WindowConfigurationCommand.swift */,
			);
			path = Commands;
			sourceTree = "<group>";
		};
		B0172A00231531F60041EF2E /* Resources */ = {
			isa = PBXGroup;
			children = (
				B0172A23231556DF0041EF2E /* Colors */,
				B0172A15231533C90041EF2E /* Images */,
				B0172A062315335F0041EF2E /* Fonts */,
				B0172A162315345D0041EF2E /* Strings */,
				B0172A01231532120041EF2E /* R.generated.swift */,
			);
			path = Resources;
			sourceTree = "<group>";
		};
		B0172A062315335F0041EF2E /* Fonts */ = {
			isa = PBXGroup;
			children = (
				70236EF0234BA69E00FCD963 /* HelveticaNeue-Light.ttf */,
				70236EF3234BA6D300FCD963 /* HelveticaNeue-Bold.ttf */,
			);
			path = Fonts;
			sourceTree = "<group>";
		};
		B0172A15231533C90041EF2E /* Images */ = {
			isa = PBXGroup;
			children = (
				0D1F8A5A230C5FF500ECE3B4 /* Images.xcassets */,
			);
			path = Images;
			sourceTree = "<group>";
		};
		B0172A162315345D0041EF2E /* Strings */ = {
			isa = PBXGroup;
			children = (
				B0172A1B2315347E0041EF2E /* Localizable.strings */,
			);
			path = Strings;
			sourceTree = "<group>";
		};
		B0172A22231537AA0041EF2E /* Application */ = {
			isa = PBXGroup;
			children = (
				0D1F8A53230C5FF200ECE3B4 /* AppDelegate.swift */,
				B05AEDEA2318F77500CCA98F /* LaunchScreen.storyboard */,
				70236F0C234CCAAB00FCD963 /* Configuration */,
			);
			path = Application;
			sourceTree = "<group>";
		};
		B0172A23231556DF0041EF2E /* Colors */ = {
			isa = PBXGroup;
			children = (
				B0172A24231556EF0041EF2E /* Colors.xcassets */,
			);
			path = Colors;
			sourceTree = "<group>";
		};
		D0C75ED0ACE4C9203FD56A2E /* Frameworks */ = {
			isa = PBXGroup;
			children = (
				C8911543EF91E674FF818AD0 /* Pods_zhazam.framework */,
			);
			name = Frameworks;
			sourceTree = "<group>";
		};
		F2CDC132518C053D1AFA4841 /* Pods */ = {
			isa = PBXGroup;
			children = (
				E341680D7D0FDCD32C0F280A /* Pods-zhazam.debug.xcconfig */,
				A0D3B98F6F39B6FC0063B84C /* Pods-zhazam.release.xcconfig */,
			);
			path = Pods;
			sourceTree = "<group>";
		};
/* End PBXGroup section */

/* Begin PBXNativeTarget section */
		0D1F8A4F230C5FF200ECE3B4 /* zhazam */ = {
			isa = PBXNativeTarget;
			buildConfigurationList = 0D1F8A62230C5FF500ECE3B4 /* Build configuration list for PBXNativeTarget "zhazam" */;
			buildPhases = (
				5456D8712F78CF6C55D0F72B /* [CP] Check Pods Manifest.lock */,
				B01729FF23152FE70041EF2E /* ShellScript */,
				0D1F8A4C230C5FF200ECE3B4 /* Sources */,
				0D1F8A4D230C5FF200ECE3B4 /* Frameworks */,
				0D1F8A4E230C5FF200ECE3B4 /* Resources */,
				0DDE226123112DEF0028B954 /* SwiftLint */,
				710B1BF560B4DDFD735C1369 /* [CP] Embed Pods Frameworks */,
			);
			buildRules = (
			);
			dependencies = (
			);
			name = zhazam;
			productName = zhazam;
			productReference = 0D1F8A50230C5FF200ECE3B4 /* zhazam.app */;
			productType = "com.apple.product-type.application";
		};
/* End PBXNativeTarget section */

/* Begin PBXProject section */
		0D1F8A48230C5FF200ECE3B4 /* Project object */ = {
			isa = PBXProject;
			attributes = {
				LastSwiftUpdateCheck = 1020;
				LastUpgradeCheck = 1020;
				ORGANIZATIONNAME = crococoders;
				TargetAttributes = {
					0D1F8A4F230C5FF200ECE3B4 = {
						CreatedOnToolsVersion = 10.2;
					};
				};
			};
			buildConfigurationList = 0D1F8A4B230C5FF200ECE3B4 /* Build configuration list for PBXProject "zhazam" */;
			compatibilityVersion = "Xcode 9.3";
			developmentRegion = en;
			hasScannedForEncodings = 0;
			knownRegions = (
				en,
				Base,
				ru,
				uk,
			);
			mainGroup = 0D1F8A47230C5FF200ECE3B4;
			productRefGroup = 0D1F8A51230C5FF200ECE3B4 /* Products */;
			projectDirPath = "";
			projectRoot = "";
			targets = (
				0D1F8A4F230C5FF200ECE3B4 /* zhazam */,
			);
		};
/* End PBXProject section */

/* Begin PBXResourcesBuildPhase section */
		0D1F8A4E230C5FF200ECE3B4 /* Resources */ = {
			isa = PBXResourcesBuildPhase;
			buildActionMask = 2147483647;
			files = (
				70236EF4234BA6D300FCD963 /* HelveticaNeue-Bold.ttf in Resources */,
				B0172A192315347E0041EF2E /* Localizable.strings in Resources */,
				24A6174E244FA9CA007F92E6 /* CountdownViewController.xib in Resources */,
				0499A2AD243A024B008C6FAD /* LogoView.xib in Resources */,
				24729FAF245B440900A69CC3 /* StatisticsViewController.xib in Resources */,
				0D1F8A5B230C5FF500ECE3B4 /* Images.xcassets in Resources */,
				0499A2AA2439FE69008C6FAD /* MenuViewController.xib in Resources */,
				0DCC8FDF2358D1670047EB90 /* LoadingViewController.xib in Resources */,
				24729FB4245B448700A69CC3 /* StatisticsCollectionCell.xib in Resources */,
				0DCC8FDF2358D1670047EB90 /* LoadingViewController.xib in Resources */,
				24A6175D245209AC007F92E6 /* TimerRowView.xib in Resources */,
				B05AEDEB2318F77500CCA98F /* LaunchScreen.storyboard in Resources */,
				70236EF2234BA69E00FCD963 /* HelveticaNeue-Light.ttf in Resources */,
				B0172A25231556EF0041EF2E /* Colors.xcassets in Resources */,
			);
			runOnlyForDeploymentPostprocessing = 0;
		};
/* End PBXResourcesBuildPhase section */

/* Begin PBXShellScriptBuildPhase section */
		0DDE226123112DEF0028B954 /* SwiftLint */ = {
			isa = PBXShellScriptBuildPhase;
			buildActionMask = 2147483647;
			files = (
			);
			inputFileListPaths = (
			);
			inputPaths = (
			);
			name = SwiftLint;
			outputFileListPaths = (
			);
			outputPaths = (
			);
			runOnlyForDeploymentPostprocessing = 0;
			shellPath = /bin/sh;
			shellScript = "$SRCROOT/setup/XCodeLint.sh\n";
		};
		5456D8712F78CF6C55D0F72B /* [CP] Check Pods Manifest.lock */ = {
			isa = PBXShellScriptBuildPhase;
			buildActionMask = 2147483647;
			files = (
			);
			inputFileListPaths = (
			);
			inputPaths = (
				"${PODS_PODFILE_DIR_PATH}/Podfile.lock",
				"${PODS_ROOT}/Manifest.lock",
			);
			name = "[CP] Check Pods Manifest.lock";
			outputFileListPaths = (
			);
			outputPaths = (
				"$(DERIVED_FILE_DIR)/Pods-zhazam-checkManifestLockResult.txt",
			);
			runOnlyForDeploymentPostprocessing = 0;
			shellPath = /bin/sh;
			shellScript = "diff \"${PODS_PODFILE_DIR_PATH}/Podfile.lock\" \"${PODS_ROOT}/Manifest.lock\" > /dev/null\nif [ $? != 0 ] ; then\n    # print error to STDERR\n    echo \"error: The sandbox is not in sync with the Podfile.lock. Run 'pod install' or update your CocoaPods installation.\" >&2\n    exit 1\nfi\n# This output is used by Xcode 'outputs' to avoid re-running this script phase.\necho \"SUCCESS\" > \"${SCRIPT_OUTPUT_FILE_0}\"\n";
			showEnvVarsInLog = 0;
		};
		710B1BF560B4DDFD735C1369 /* [CP] Embed Pods Frameworks */ = {
			isa = PBXShellScriptBuildPhase;
			buildActionMask = 2147483647;
			files = (
			);
			inputFileListPaths = (
				"${PODS_ROOT}/Target Support Files/Pods-zhazam/Pods-zhazam-frameworks-${CONFIGURATION}-input-files.xcfilelist",
			);
			name = "[CP] Embed Pods Frameworks";
			outputFileListPaths = (
				"${PODS_ROOT}/Target Support Files/Pods-zhazam/Pods-zhazam-frameworks-${CONFIGURATION}-output-files.xcfilelist",
			);
			runOnlyForDeploymentPostprocessing = 0;
			shellPath = /bin/sh;
			shellScript = "\"${PODS_ROOT}/Target Support Files/Pods-zhazam/Pods-zhazam-frameworks.sh\"\n";
			showEnvVarsInLog = 0;
		};
		B01729FF23152FE70041EF2E /* ShellScript */ = {
			isa = PBXShellScriptBuildPhase;
			buildActionMask = 2147483647;
			files = (
			);
			inputFileListPaths = (
			);
			inputPaths = (
				"$TEMP_DIR/rswift-lastrun",
			);
			outputFileListPaths = (
			);
			outputPaths = (
				$SRCROOT/R.generated.swift,
			);
			runOnlyForDeploymentPostprocessing = 0;
			shellPath = /bin/sh;
			shellScript = "\"$PODS_ROOT/R.swift/rswift\" generate \"$SRCROOT/R.generated.swift\"\n";
		};
/* End PBXShellScriptBuildPhase section */

/* Begin PBXSourcesBuildPhase section */
		0D1F8A4C230C5FF200ECE3B4 /* Sources */ = {
			isa = PBXSourcesBuildPhase;
			buildActionMask = 2147483647;
			files = (
				70236F1B234CD0EF00FCD963 /* UITextField+Extension.swift in Sources */,
				70236F15234CCDD000FCD963 /* NavigationBarAppearanceCommand.swift in Sources */,
				24729FB2245B447900A69CC3 /* StatisticsCollectionCell.swift in Sources */,
				24729FB7245C7B1A00A69CC3 /* StatisticsRowModel.swift in Sources */,
				70236F02234CC68700FCD963 /* AsyncResult.swift in Sources */,
				70236F10234CCAEA00FCD963 /* CommandsBuilder.swift in Sources */,
				70236EFE234BA83E00FCD963 /* UIView+Extension.swift in Sources */,
				70236F0A234CC8B500FCD963 /* UserPreference.swift in Sources */,
				24A61750244FA9F8007F92E6 /* CountdownViewController.swift in Sources */,
				24729FAD245B43F500A69CC3 /* StatisticsViewController.swift in Sources */,
				70236F0E234CCACA00FCD963 /* Command.swift in Sources */,
				0499A2A82439FE54008C6FAD /* MenuViewController.swift in Sources */,
				70236F07234CC76700FCD963 /* Reusable.swift in Sources */,
				0D1F8A56230C5FF200ECE3B4 /* LoadingViewController.swift in Sources */,
				70236F17234CCE0100FCD963 /* WindowConfigurationCommand.swift in Sources */,
				0499A2AF243A0257008C6FAD /* LogoView.swift in Sources */,
				0D1F8A54230C5FF200ECE3B4 /* AppDelegate.swift in Sources */,
				B0172A02231532120041EF2E /* R.generated.swift in Sources */,
				24A6175B245209A1007F92E6 /* TimerRowView.swift in Sources */,
			);
			runOnlyForDeploymentPostprocessing = 0;
		};
/* End PBXSourcesBuildPhase section */

/* Begin PBXVariantGroup section */
		B0172A1B2315347E0041EF2E /* Localizable.strings */ = {
			isa = PBXVariantGroup;
			children = (
				B0172A1A2315347E0041EF2E /* en */,
				B0172A1E2315350F0041EF2E /* ru */,
				B0172A212315351C0041EF2E /* uk */,
			);
			name = Localizable.strings;
			sourceTree = "<group>";
		};
/* End PBXVariantGroup section */

/* Begin XCBuildConfiguration section */
		0D1F8A60230C5FF500ECE3B4 /* Debug */ = {
			isa = XCBuildConfiguration;
			buildSettings = {
				ALWAYS_SEARCH_USER_PATHS = NO;
				CLANG_ANALYZER_LOCALIZABILITY_NONLOCALIZED = YES;
				CLANG_ANALYZER_NONNULL = YES;
				CLANG_ANALYZER_NUMBER_OBJECT_CONVERSION = YES_AGGRESSIVE;
				CLANG_CXX_LANGUAGE_STANDARD = "gnu++14";
				CLANG_CXX_LIBRARY = "libc++";
				CLANG_ENABLE_MODULES = YES;
				CLANG_ENABLE_OBJC_ARC = YES;
				CLANG_ENABLE_OBJC_WEAK = YES;
				CLANG_WARN_BLOCK_CAPTURE_AUTORELEASING = YES;
				CLANG_WARN_BOOL_CONVERSION = YES;
				CLANG_WARN_COMMA = YES;
				CLANG_WARN_CONSTANT_CONVERSION = YES;
				CLANG_WARN_DEPRECATED_OBJC_IMPLEMENTATIONS = YES;
				CLANG_WARN_DIRECT_OBJC_ISA_USAGE = YES_ERROR;
				CLANG_WARN_DOCUMENTATION_COMMENTS = YES;
				CLANG_WARN_EMPTY_BODY = YES;
				CLANG_WARN_ENUM_CONVERSION = YES;
				CLANG_WARN_INFINITE_RECURSION = YES;
				CLANG_WARN_INT_CONVERSION = YES;
				CLANG_WARN_NON_LITERAL_NULL_CONVERSION = YES;
				CLANG_WARN_OBJC_IMPLICIT_RETAIN_SELF = YES;
				CLANG_WARN_OBJC_LITERAL_CONVERSION = YES;
				CLANG_WARN_OBJC_ROOT_CLASS = YES_ERROR;
				CLANG_WARN_RANGE_LOOP_ANALYSIS = YES;
				CLANG_WARN_STRICT_PROTOTYPES = YES;
				CLANG_WARN_SUSPICIOUS_MOVE = YES;
				CLANG_WARN_UNGUARDED_AVAILABILITY = YES_AGGRESSIVE;
				CLANG_WARN_UNREACHABLE_CODE = YES;
				CLANG_WARN__DUPLICATE_METHOD_MATCH = YES;
				CODE_SIGN_IDENTITY = "iPhone Developer";
				COPY_PHASE_STRIP = NO;
				DEBUG_INFORMATION_FORMAT = dwarf;
				ENABLE_STRICT_OBJC_MSGSEND = YES;
				ENABLE_TESTABILITY = YES;
				GCC_C_LANGUAGE_STANDARD = gnu11;
				GCC_DYNAMIC_NO_PIC = NO;
				GCC_NO_COMMON_BLOCKS = YES;
				GCC_OPTIMIZATION_LEVEL = 0;
				GCC_PREPROCESSOR_DEFINITIONS = (
					"DEBUG=1",
					"$(inherited)",
				);
				GCC_WARN_64_TO_32_BIT_CONVERSION = YES;
				GCC_WARN_ABOUT_RETURN_TYPE = YES_ERROR;
				GCC_WARN_UNDECLARED_SELECTOR = YES;
				GCC_WARN_UNINITIALIZED_AUTOS = YES_AGGRESSIVE;
				GCC_WARN_UNUSED_FUNCTION = YES;
				GCC_WARN_UNUSED_VARIABLE = YES;
				IPHONEOS_DEPLOYMENT_TARGET = 12.2;
				MTL_ENABLE_DEBUG_INFO = INCLUDE_SOURCE;
				MTL_FAST_MATH = YES;
				ONLY_ACTIVE_ARCH = YES;
				SDKROOT = iphoneos;
				SWIFT_ACTIVE_COMPILATION_CONDITIONS = DEBUG;
				SWIFT_OPTIMIZATION_LEVEL = "-Onone";
			};
			name = Debug;
		};
		0D1F8A61230C5FF500ECE3B4 /* Release */ = {
			isa = XCBuildConfiguration;
			buildSettings = {
				ALWAYS_SEARCH_USER_PATHS = NO;
				CLANG_ANALYZER_LOCALIZABILITY_NONLOCALIZED = YES;
				CLANG_ANALYZER_NONNULL = YES;
				CLANG_ANALYZER_NUMBER_OBJECT_CONVERSION = YES_AGGRESSIVE;
				CLANG_CXX_LANGUAGE_STANDARD = "gnu++14";
				CLANG_CXX_LIBRARY = "libc++";
				CLANG_ENABLE_MODULES = YES;
				CLANG_ENABLE_OBJC_ARC = YES;
				CLANG_ENABLE_OBJC_WEAK = YES;
				CLANG_WARN_BLOCK_CAPTURE_AUTORELEASING = YES;
				CLANG_WARN_BOOL_CONVERSION = YES;
				CLANG_WARN_COMMA = YES;
				CLANG_WARN_CONSTANT_CONVERSION = YES;
				CLANG_WARN_DEPRECATED_OBJC_IMPLEMENTATIONS = YES;
				CLANG_WARN_DIRECT_OBJC_ISA_USAGE = YES_ERROR;
				CLANG_WARN_DOCUMENTATION_COMMENTS = YES;
				CLANG_WARN_EMPTY_BODY = YES;
				CLANG_WARN_ENUM_CONVERSION = YES;
				CLANG_WARN_INFINITE_RECURSION = YES;
				CLANG_WARN_INT_CONVERSION = YES;
				CLANG_WARN_NON_LITERAL_NULL_CONVERSION = YES;
				CLANG_WARN_OBJC_IMPLICIT_RETAIN_SELF = YES;
				CLANG_WARN_OBJC_LITERAL_CONVERSION = YES;
				CLANG_WARN_OBJC_ROOT_CLASS = YES_ERROR;
				CLANG_WARN_RANGE_LOOP_ANALYSIS = YES;
				CLANG_WARN_STRICT_PROTOTYPES = YES;
				CLANG_WARN_SUSPICIOUS_MOVE = YES;
				CLANG_WARN_UNGUARDED_AVAILABILITY = YES_AGGRESSIVE;
				CLANG_WARN_UNREACHABLE_CODE = YES;
				CLANG_WARN__DUPLICATE_METHOD_MATCH = YES;
				CODE_SIGN_IDENTITY = "iPhone Developer";
				COPY_PHASE_STRIP = NO;
				DEBUG_INFORMATION_FORMAT = "dwarf-with-dsym";
				ENABLE_NS_ASSERTIONS = NO;
				ENABLE_STRICT_OBJC_MSGSEND = YES;
				GCC_C_LANGUAGE_STANDARD = gnu11;
				GCC_NO_COMMON_BLOCKS = YES;
				GCC_WARN_64_TO_32_BIT_CONVERSION = YES;
				GCC_WARN_ABOUT_RETURN_TYPE = YES_ERROR;
				GCC_WARN_UNDECLARED_SELECTOR = YES;
				GCC_WARN_UNINITIALIZED_AUTOS = YES_AGGRESSIVE;
				GCC_WARN_UNUSED_FUNCTION = YES;
				GCC_WARN_UNUSED_VARIABLE = YES;
				IPHONEOS_DEPLOYMENT_TARGET = 12.2;
				MTL_ENABLE_DEBUG_INFO = NO;
				MTL_FAST_MATH = YES;
				SDKROOT = iphoneos;
				SWIFT_COMPILATION_MODE = wholemodule;
				SWIFT_OPTIMIZATION_LEVEL = "-O";
				VALIDATE_PRODUCT = YES;
			};
			name = Release;
		};
		0D1F8A63230C5FF500ECE3B4 /* Debug */ = {
			isa = XCBuildConfiguration;
			baseConfigurationReference = E341680D7D0FDCD32C0F280A /* Pods-zhazam.debug.xcconfig */;
			buildSettings = {
				ASSETCATALOG_COMPILER_APPICON_NAME = AppIcon;
				CODE_SIGN_STYLE = Automatic;
				INFOPLIST_FILE = zhazam/Info.plist;
				IPHONEOS_DEPLOYMENT_TARGET = 11.0;
				LD_RUNPATH_SEARCH_PATHS = (
					"$(inherited)",
					"@executable_path/Frameworks",
				);
				PRODUCT_BUNDLE_IDENTIFIER = crococoders.zhazam;
				PRODUCT_NAME = "$(TARGET_NAME)";
				SWIFT_VERSION = 5.0;
				TARGETED_DEVICE_FAMILY = "1,2";
			};
			name = Debug;
		};
		0D1F8A64230C5FF500ECE3B4 /* Release */ = {
			isa = XCBuildConfiguration;
			baseConfigurationReference = A0D3B98F6F39B6FC0063B84C /* Pods-zhazam.release.xcconfig */;
			buildSettings = {
				ASSETCATALOG_COMPILER_APPICON_NAME = AppIcon;
				CODE_SIGN_STYLE = Automatic;
				INFOPLIST_FILE = zhazam/Info.plist;
				IPHONEOS_DEPLOYMENT_TARGET = 11.0;
				LD_RUNPATH_SEARCH_PATHS = (
					"$(inherited)",
					"@executable_path/Frameworks",
				);
				PRODUCT_BUNDLE_IDENTIFIER = crococoders.zhazam;
				PRODUCT_NAME = "$(TARGET_NAME)";
				SWIFT_VERSION = 5.0;
				TARGETED_DEVICE_FAMILY = "1,2";
			};
			name = Release;
		};
/* End XCBuildConfiguration section */

/* Begin XCConfigurationList section */
		0D1F8A4B230C5FF200ECE3B4 /* Build configuration list for PBXProject "zhazam" */ = {
			isa = XCConfigurationList;
			buildConfigurations = (
				0D1F8A60230C5FF500ECE3B4 /* Debug */,
				0D1F8A61230C5FF500ECE3B4 /* Release */,
			);
			defaultConfigurationIsVisible = 0;
			defaultConfigurationName = Release;
		};
		0D1F8A62230C5FF500ECE3B4 /* Build configuration list for PBXNativeTarget "zhazam" */ = {
			isa = XCConfigurationList;
			buildConfigurations = (
				0D1F8A63230C5FF500ECE3B4 /* Debug */,
				0D1F8A64230C5FF500ECE3B4 /* Release */,
			);
			defaultConfigurationIsVisible = 0;
			defaultConfigurationName = Release;
		};
/* End XCConfigurationList section */
	};
	rootObject = 0D1F8A48230C5FF200ECE3B4 /* Project object */;
}
